
Microsoft Visual Studio Solution File, Format Version 12.00
# Visual Studio 14
VisualStudioVersion = 14.0.25420.1
MinimumVisualStudioVersion = 10.0.40219.1
Project("{FAE04EC0-301F-11D3-BF4B-00C04F79EFBC}") = "EWiki.Test.UnitTest", "EWiki.Core.UnitTest\EWiki.Test.UnitTest.csproj", "{CB84A537-C8CE-4E69-8FE5-2F5C59F34AD2}"
EndProject
Project("{FAE04EC0-301F-11D3-BF4B-00C04F79EFBC}") = "EWiki.XF", "EWiki.XF\EWiki.XF\EWiki.XF.csproj", "{03FFA50B-B832-47B8-BDA9-2017FD60AEF2}"
EndProject
Project("{FAE04EC0-301F-11D3-BF4B-00C04F79EFBC}") = "EWiki.XF.Droid", "EWiki.XF\EWiki.XF.Droid\EWiki.XF.Droid.csproj", "{3BC50E02-B20C-425B-B0E1-A9004193AB8F}"
EndProject
Project("{FAE04EC0-301F-11D3-BF4B-00C04F79EFBC}") = "EWiki.XF.iOS", "EWiki.XF\EWiki.XF.iOS\EWiki.XF.iOS.csproj", "{77A7124C-8B30-43FF-A4D2-864F866F18D1}"
EndProject
Project("{2150E333-8FDC-42A3-9474-1A3956D46DE8}") = "XF", "XF", "{9D7B44A6-B4DC-4ECA-A336-41A7BAADBF95}"
EndProject
Project("{FAE04EC0-301F-11D3-BF4B-00C04F79EFBC}") = "EWiki.XF.Service", "EWiki.XF.Service\EWiki.XF.Service.csproj", "{67F9D3A8-F71E-4428-913F-C37AE82CDB24}"
EndProject
Project("{8BB2217D-0F2D-49D1-97BC-3654ED321F3B}") = "EWiki.Api", "EWiki.Api\EWiki.Api.xproj", "{7BEB1425-092A-4445-974C-51325F46E7F5}"
EndProject
Project("{FAE04EC0-301F-11D3-BF4B-00C04F79EFBC}") = "POGOProtos", "POGOProtos\POGOProtos.csproj", "{A03A7BB2-4F0B-467B-84B2-9A76E6AAE6FB}"
EndProject
Project("{FAE04EC0-301F-11D3-BF4B-00C04F79EFBC}") = "PokemonGo.RocketAPI", "PokemonGo.RocketAPI\PokemonGo.RocketAPI.csproj", "{05D2DA44-1B8E-4CF7-94ED-4D52451CD095}"
EndProject
Project("{FAE04EC0-301F-11D3-BF4B-00C04F79EFBC}") = "PokemonGo.RocketAPI.Logic", "PokemonGo.RocketAPI.Logic\PokemonGo.RocketAPI.Logic.csproj", "{0739E40D-C589-4AEB-93E5-EE8CD6773C60}"
EndProject
Project("{FAE04EC0-301F-11D3-BF4B-00C04F79EFBC}") = "EWiki.Sniper", "EWiki.Sniper\EWiki.Sniper.csproj", "{AD76380C-2CFF-44AB-B7D3-53156BC0A719}"
EndProject
Project("{FAE04EC0-301F-11D3-BF4B-00C04F79EFBC}") = "PokemonGo.RocketApi.PokeMap", "PokemonGo.RocketApi.PokeMap\PokemonGo.RocketApi.PokeMap.csproj", "{D476DDDA-B56E-4826-9DF8-97BFECA186E7}"
EndProject
Global
	GlobalSection(SolutionConfigurationPlatforms) = preSolution
		Ad-Hoc|Any CPU = Ad-Hoc|Any CPU
		Ad-Hoc|ARM = Ad-Hoc|ARM
		Ad-Hoc|iPhone = Ad-Hoc|iPhone
		Ad-Hoc|iPhoneSimulator = Ad-Hoc|iPhoneSimulator
		Ad-Hoc|x64 = Ad-Hoc|x64
		Ad-Hoc|x86 = Ad-Hoc|x86
		AppStore|Any CPU = AppStore|Any CPU
		AppStore|ARM = AppStore|ARM
		AppStore|iPhone = AppStore|iPhone
		AppStore|iPhoneSimulator = AppStore|iPhoneSimulator
		AppStore|x64 = AppStore|x64
		AppStore|x86 = AppStore|x86
		Debug|Any CPU = Debug|Any CPU
		Debug|ARM = Debug|ARM
		Debug|iPhone = Debug|iPhone
		Debug|iPhoneSimulator = Debug|iPhoneSimulator
		Debug|x64 = Debug|x64
		Debug|x86 = Debug|x86
		Release|Any CPU = Release|Any CPU
		Release|ARM = Release|ARM
		Release|iPhone = Release|iPhone
		Release|iPhoneSimulator = Release|iPhoneSimulator
		Release|x64 = Release|x64
		Release|x86 = Release|x86
	EndGlobalSection
	GlobalSection(ProjectConfigurationPlatforms) = postSolution
		{CB84A537-C8CE-4E69-8FE5-2F5C59F34AD2}.Ad-Hoc|Any CPU.ActiveCfg = Release|Any CPU
		{CB84A537-C8CE-4E69-8FE5-2F5C59F34AD2}.Ad-Hoc|Any CPU.Build.0 = Release|Any CPU
		{CB84A537-C8CE-4E69-8FE5-2F5C59F34AD2}.Ad-Hoc|ARM.ActiveCfg = Release|Any CPU
		{CB84A537-C8CE-4E69-8FE5-2F5C59F34AD2}.Ad-Hoc|ARM.Build.0 = Release|Any CPU
		{CB84A537-C8CE-4E69-8FE5-2F5C59F34AD2}.Ad-Hoc|iPhone.ActiveCfg = Release|Any CPU
		{CB84A537-C8CE-4E69-8FE5-2F5C59F34AD2}.Ad-Hoc|iPhone.Build.0 = Release|Any CPU
		{CB84A537-C8CE-4E69-8FE5-2F5C59F34AD2}.Ad-Hoc|iPhoneSimulator.ActiveCfg = Release|Any CPU
		{CB84A537-C8CE-4E69-8FE5-2F5C59F34AD2}.Ad-Hoc|iPhoneSimulator.Build.0 = Release|Any CPU
		{CB84A537-C8CE-4E69-8FE5-2F5C59F34AD2}.Ad-Hoc|x64.ActiveCfg = Release|Any CPU
		{CB84A537-C8CE-4E69-8FE5-2F5C59F34AD2}.Ad-Hoc|x64.Build.0 = Release|Any CPU
		{CB84A537-C8CE-4E69-8FE5-2F5C59F34AD2}.Ad-Hoc|x86.ActiveCfg = Release|Any CPU
		{CB84A537-C8CE-4E69-8FE5-2F5C59F34AD2}.Ad-Hoc|x86.Build.0 = Release|Any CPU
		{CB84A537-C8CE-4E69-8FE5-2F5C59F34AD2}.AppStore|Any CPU.ActiveCfg = Release|Any CPU
		{CB84A537-C8CE-4E69-8FE5-2F5C59F34AD2}.AppStore|Any CPU.Build.0 = Release|Any CPU
		{CB84A537-C8CE-4E69-8FE5-2F5C59F34AD2}.AppStore|ARM.ActiveCfg = Release|Any CPU
		{CB84A537-C8CE-4E69-8FE5-2F5C59F34AD2}.AppStore|ARM.Build.0 = Release|Any CPU
		{CB84A537-C8CE-4E69-8FE5-2F5C59F34AD2}.AppStore|iPhone.ActiveCfg = Release|Any CPU
		{CB84A537-C8CE-4E69-8FE5-2F5C59F34AD2}.AppStore|iPhone.Build.0 = Release|Any CPU
		{CB84A537-C8CE-4E69-8FE5-2F5C59F34AD2}.AppStore|iPhoneSimulator.ActiveCfg = Release|Any CPU
		{CB84A537-C8CE-4E69-8FE5-2F5C59F34AD2}.AppStore|iPhoneSimulator.Build.0 = Release|Any CPU
		{CB84A537-C8CE-4E69-8FE5-2F5C59F34AD2}.AppStore|x64.ActiveCfg = Release|Any CPU
		{CB84A537-C8CE-4E69-8FE5-2F5C59F34AD2}.AppStore|x64.Build.0 = Release|Any CPU
		{CB84A537-C8CE-4E69-8FE5-2F5C59F34AD2}.AppStore|x86.ActiveCfg = Release|Any CPU
		{CB84A537-C8CE-4E69-8FE5-2F5C59F34AD2}.AppStore|x86.Build.0 = Release|Any CPU
		{CB84A537-C8CE-4E69-8FE5-2F5C59F34AD2}.Debug|Any CPU.ActiveCfg = Debug|Any CPU
		{CB84A537-C8CE-4E69-8FE5-2F5C59F34AD2}.Debug|Any CPU.Build.0 = Debug|Any CPU
		{CB84A537-C8CE-4E69-8FE5-2F5C59F34AD2}.Debug|ARM.ActiveCfg = Debug|Any CPU
		{CB84A537-C8CE-4E69-8FE5-2F5C59F34AD2}.Debug|ARM.Build.0 = Debug|Any CPU
		{CB84A537-C8CE-4E69-8FE5-2F5C59F34AD2}.Debug|iPhone.ActiveCfg = Debug|Any CPU
		{CB84A537-C8CE-4E69-8FE5-2F5C59F34AD2}.Debug|iPhone.Build.0 = Debug|Any CPU
		{CB84A537-C8CE-4E69-8FE5-2F5C59F34AD2}.Debug|iPhoneSimulator.ActiveCfg = Debug|Any CPU
		{CB84A537-C8CE-4E69-8FE5-2F5C59F34AD2}.Debug|iPhoneSimulator.Build.0 = Debug|Any CPU
		{CB84A537-C8CE-4E69-8FE5-2F5C59F34AD2}.Debug|x64.ActiveCfg = Debug|Any CPU
		{CB84A537-C8CE-4E69-8FE5-2F5C59F34AD2}.Debug|x64.Build.0 = Debug|Any CPU
		{CB84A537-C8CE-4E69-8FE5-2F5C59F34AD2}.Debug|x86.ActiveCfg = Debug|Any CPU
		{CB84A537-C8CE-4E69-8FE5-2F5C59F34AD2}.Debug|x86.Build.0 = Debug|Any CPU
		{CB84A537-C8CE-4E69-8FE5-2F5C59F34AD2}.Release|Any CPU.ActiveCfg = Release|Any CPU
		{CB84A537-C8CE-4E69-8FE5-2F5C59F34AD2}.Release|Any CPU.Build.0 = Release|Any CPU
		{CB84A537-C8CE-4E69-8FE5-2F5C59F34AD2}.Release|ARM.ActiveCfg = Release|Any CPU
		{CB84A537-C8CE-4E69-8FE5-2F5C59F34AD2}.Release|ARM.Build.0 = Release|Any CPU
		{CB84A537-C8CE-4E69-8FE5-2F5C59F34AD2}.Release|iPhone.ActiveCfg = Release|Any CPU
		{CB84A537-C8CE-4E69-8FE5-2F5C59F34AD2}.Release|iPhone.Build.0 = Release|Any CPU
		{CB84A537-C8CE-4E69-8FE5-2F5C59F34AD2}.Release|iPhoneSimulator.ActiveCfg = Release|Any CPU
		{CB84A537-C8CE-4E69-8FE5-2F5C59F34AD2}.Release|iPhoneSimulator.Build.0 = Release|Any CPU
		{CB84A537-C8CE-4E69-8FE5-2F5C59F34AD2}.Release|x64.ActiveCfg = Release|Any CPU
		{CB84A537-C8CE-4E69-8FE5-2F5C59F34AD2}.Release|x64.Build.0 = Release|Any CPU
		{CB84A537-C8CE-4E69-8FE5-2F5C59F34AD2}.Release|x86.ActiveCfg = Release|Any CPU
		{CB84A537-C8CE-4E69-8FE5-2F5C59F34AD2}.Release|x86.Build.0 = Release|Any CPU
		{03FFA50B-B832-47B8-BDA9-2017FD60AEF2}.Ad-Hoc|Any CPU.ActiveCfg = Release|Any CPU
		{03FFA50B-B832-47B8-BDA9-2017FD60AEF2}.Ad-Hoc|Any CPU.Build.0 = Release|Any CPU
		{03FFA50B-B832-47B8-BDA9-2017FD60AEF2}.Ad-Hoc|ARM.ActiveCfg = Release|Any CPU
		{03FFA50B-B832-47B8-BDA9-2017FD60AEF2}.Ad-Hoc|ARM.Build.0 = Release|Any CPU
		{03FFA50B-B832-47B8-BDA9-2017FD60AEF2}.Ad-Hoc|iPhone.ActiveCfg = Release|Any CPU
		{03FFA50B-B832-47B8-BDA9-2017FD60AEF2}.Ad-Hoc|iPhone.Build.0 = Release|Any CPU
		{03FFA50B-B832-47B8-BDA9-2017FD60AEF2}.Ad-Hoc|iPhoneSimulator.ActiveCfg = Release|Any CPU
		{03FFA50B-B832-47B8-BDA9-2017FD60AEF2}.Ad-Hoc|iPhoneSimulator.Build.0 = Release|Any CPU
		{03FFA50B-B832-47B8-BDA9-2017FD60AEF2}.Ad-Hoc|x64.ActiveCfg = Release|Any CPU
		{03FFA50B-B832-47B8-BDA9-2017FD60AEF2}.Ad-Hoc|x64.Build.0 = Release|Any CPU
		{03FFA50B-B832-47B8-BDA9-2017FD60AEF2}.Ad-Hoc|x86.ActiveCfg = Release|Any CPU
		{03FFA50B-B832-47B8-BDA9-2017FD60AEF2}.Ad-Hoc|x86.Build.0 = Release|Any CPU
		{03FFA50B-B832-47B8-BDA9-2017FD60AEF2}.AppStore|Any CPU.ActiveCfg = Release|Any CPU
		{03FFA50B-B832-47B8-BDA9-2017FD60AEF2}.AppStore|Any CPU.Build.0 = Release|Any CPU
		{03FFA50B-B832-47B8-BDA9-2017FD60AEF2}.AppStore|ARM.ActiveCfg = Release|Any CPU
		{03FFA50B-B832-47B8-BDA9-2017FD60AEF2}.AppStore|ARM.Build.0 = Release|Any CPU
		{03FFA50B-B832-47B8-BDA9-2017FD60AEF2}.AppStore|iPhone.ActiveCfg = Release|Any CPU
		{03FFA50B-B832-47B8-BDA9-2017FD60AEF2}.AppStore|iPhone.Build.0 = Release|Any CPU
		{03FFA50B-B832-47B8-BDA9-2017FD60AEF2}.AppStore|iPhoneSimulator.ActiveCfg = Release|Any CPU
		{03FFA50B-B832-47B8-BDA9-2017FD60AEF2}.AppStore|iPhoneSimulator.Build.0 = Release|Any CPU
		{03FFA50B-B832-47B8-BDA9-2017FD60AEF2}.AppStore|x64.ActiveCfg = Release|Any CPU
		{03FFA50B-B832-47B8-BDA9-2017FD60AEF2}.AppStore|x64.Build.0 = Release|Any CPU
		{03FFA50B-B832-47B8-BDA9-2017FD60AEF2}.AppStore|x86.ActiveCfg = Release|Any CPU
		{03FFA50B-B832-47B8-BDA9-2017FD60AEF2}.AppStore|x86.Build.0 = Release|Any CPU
		{03FFA50B-B832-47B8-BDA9-2017FD60AEF2}.Debug|Any CPU.ActiveCfg = Debug|Any CPU
		{03FFA50B-B832-47B8-BDA9-2017FD60AEF2}.Debug|Any CPU.Build.0 = Debug|Any CPU
		{03FFA50B-B832-47B8-BDA9-2017FD60AEF2}.Debug|ARM.ActiveCfg = Debug|Any CPU
		{03FFA50B-B832-47B8-BDA9-2017FD60AEF2}.Debug|ARM.Build.0 = Debug|Any CPU
		{03FFA50B-B832-47B8-BDA9-2017FD60AEF2}.Debug|iPhone.ActiveCfg = Debug|Any CPU
		{03FFA50B-B832-47B8-BDA9-2017FD60AEF2}.Debug|iPhone.Build.0 = Debug|Any CPU
		{03FFA50B-B832-47B8-BDA9-2017FD60AEF2}.Debug|iPhoneSimulator.ActiveCfg = Debug|Any CPU
		{03FFA50B-B832-47B8-BDA9-2017FD60AEF2}.Debug|iPhoneSimulator.Build.0 = Debug|Any CPU
		{03FFA50B-B832-47B8-BDA9-2017FD60AEF2}.Debug|x64.ActiveCfg = Debug|Any CPU
		{03FFA50B-B832-47B8-BDA9-2017FD60AEF2}.Debug|x64.Build.0 = Debug|Any CPU
		{03FFA50B-B832-47B8-BDA9-2017FD60AEF2}.Debug|x86.ActiveCfg = Debug|Any CPU
		{03FFA50B-B832-47B8-BDA9-2017FD60AEF2}.Debug|x86.Build.0 = Debug|Any CPU
		{03FFA50B-B832-47B8-BDA9-2017FD60AEF2}.Release|Any CPU.ActiveCfg = Release|Any CPU
		{03FFA50B-B832-47B8-BDA9-2017FD60AEF2}.Release|Any CPU.Build.0 = Release|Any CPU
		{03FFA50B-B832-47B8-BDA9-2017FD60AEF2}.Release|ARM.ActiveCfg = Release|Any CPU
		{03FFA50B-B832-47B8-BDA9-2017FD60AEF2}.Release|ARM.Build.0 = Release|Any CPU
		{03FFA50B-B832-47B8-BDA9-2017FD60AEF2}.Release|iPhone.ActiveCfg = Release|Any CPU
		{03FFA50B-B832-47B8-BDA9-2017FD60AEF2}.Release|iPhone.Build.0 = Release|Any CPU
		{03FFA50B-B832-47B8-BDA9-2017FD60AEF2}.Release|iPhoneSimulator.ActiveCfg = Release|Any CPU
		{03FFA50B-B832-47B8-BDA9-2017FD60AEF2}.Release|iPhoneSimulator.Build.0 = Release|Any CPU
		{03FFA50B-B832-47B8-BDA9-2017FD60AEF2}.Release|x64.ActiveCfg = Release|Any CPU
		{03FFA50B-B832-47B8-BDA9-2017FD60AEF2}.Release|x64.Build.0 = Release|Any CPU
		{03FFA50B-B832-47B8-BDA9-2017FD60AEF2}.Release|x86.ActiveCfg = Release|Any CPU
		{03FFA50B-B832-47B8-BDA9-2017FD60AEF2}.Release|x86.Build.0 = Release|Any CPU
		{3BC50E02-B20C-425B-B0E1-A9004193AB8F}.Ad-Hoc|Any CPU.ActiveCfg = Release|Any CPU
		{3BC50E02-B20C-425B-B0E1-A9004193AB8F}.Ad-Hoc|Any CPU.Build.0 = Release|Any CPU
		{3BC50E02-B20C-425B-B0E1-A9004193AB8F}.Ad-Hoc|Any CPU.Deploy.0 = Release|Any CPU
		{3BC50E02-B20C-425B-B0E1-A9004193AB8F}.Ad-Hoc|ARM.ActiveCfg = Release|Any CPU
		{3BC50E02-B20C-425B-B0E1-A9004193AB8F}.Ad-Hoc|ARM.Build.0 = Release|Any CPU
		{3BC50E02-B20C-425B-B0E1-A9004193AB8F}.Ad-Hoc|ARM.Deploy.0 = Release|Any CPU
		{3BC50E02-B20C-425B-B0E1-A9004193AB8F}.Ad-Hoc|iPhone.ActiveCfg = Release|Any CPU
		{3BC50E02-B20C-425B-B0E1-A9004193AB8F}.Ad-Hoc|iPhone.Build.0 = Release|Any CPU
		{3BC50E02-B20C-425B-B0E1-A9004193AB8F}.Ad-Hoc|iPhone.Deploy.0 = Release|Any CPU
		{3BC50E02-B20C-425B-B0E1-A9004193AB8F}.Ad-Hoc|iPhoneSimulator.ActiveCfg = Release|Any CPU
		{3BC50E02-B20C-425B-B0E1-A9004193AB8F}.Ad-Hoc|iPhoneSimulator.Build.0 = Release|Any CPU
		{3BC50E02-B20C-425B-B0E1-A9004193AB8F}.Ad-Hoc|iPhoneSimulator.Deploy.0 = Release|Any CPU
		{3BC50E02-B20C-425B-B0E1-A9004193AB8F}.Ad-Hoc|x64.ActiveCfg = Release|Any CPU
		{3BC50E02-B20C-425B-B0E1-A9004193AB8F}.Ad-Hoc|x64.Build.0 = Release|Any CPU
		{3BC50E02-B20C-425B-B0E1-A9004193AB8F}.Ad-Hoc|x64.Deploy.0 = Release|Any CPU
		{3BC50E02-B20C-425B-B0E1-A9004193AB8F}.Ad-Hoc|x86.ActiveCfg = Release|Any CPU
		{3BC50E02-B20C-425B-B0E1-A9004193AB8F}.Ad-Hoc|x86.Build.0 = Release|Any CPU
		{3BC50E02-B20C-425B-B0E1-A9004193AB8F}.Ad-Hoc|x86.Deploy.0 = Release|Any CPU
		{3BC50E02-B20C-425B-B0E1-A9004193AB8F}.AppStore|Any CPU.ActiveCfg = Release|Any CPU
		{3BC50E02-B20C-425B-B0E1-A9004193AB8F}.AppStore|Any CPU.Build.0 = Release|Any CPU
		{3BC50E02-B20C-425B-B0E1-A9004193AB8F}.AppStore|Any CPU.Deploy.0 = Release|Any CPU
		{3BC50E02-B20C-425B-B0E1-A9004193AB8F}.AppStore|ARM.ActiveCfg = Release|Any CPU
		{3BC50E02-B20C-425B-B0E1-A9004193AB8F}.AppStore|ARM.Build.0 = Release|Any CPU
		{3BC50E02-B20C-425B-B0E1-A9004193AB8F}.AppStore|ARM.Deploy.0 = Release|Any CPU
		{3BC50E02-B20C-425B-B0E1-A9004193AB8F}.AppStore|iPhone.ActiveCfg = Release|Any CPU
		{3BC50E02-B20C-425B-B0E1-A9004193AB8F}.AppStore|iPhone.Build.0 = Release|Any CPU
		{3BC50E02-B20C-425B-B0E1-A9004193AB8F}.AppStore|iPhone.Deploy.0 = Release|Any CPU
		{3BC50E02-B20C-425B-B0E1-A9004193AB8F}.AppStore|iPhoneSimulator.ActiveCfg = Release|Any CPU
		{3BC50E02-B20C-425B-B0E1-A9004193AB8F}.AppStore|iPhoneSimulator.Build.0 = Release|Any CPU
		{3BC50E02-B20C-425B-B0E1-A9004193AB8F}.AppStore|iPhoneSimulator.Deploy.0 = Release|Any CPU
		{3BC50E02-B20C-425B-B0E1-A9004193AB8F}.AppStore|x64.ActiveCfg = Release|Any CPU
		{3BC50E02-B20C-425B-B0E1-A9004193AB8F}.AppStore|x64.Build.0 = Release|Any CPU
		{3BC50E02-B20C-425B-B0E1-A9004193AB8F}.AppStore|x64.Deploy.0 = Release|Any CPU
		{3BC50E02-B20C-425B-B0E1-A9004193AB8F}.AppStore|x86.ActiveCfg = Release|Any CPU
		{3BC50E02-B20C-425B-B0E1-A9004193AB8F}.AppStore|x86.Build.0 = Release|Any CPU
		{3BC50E02-B20C-425B-B0E1-A9004193AB8F}.AppStore|x86.Deploy.0 = Release|Any CPU
		{3BC50E02-B20C-425B-B0E1-A9004193AB8F}.Debug|Any CPU.ActiveCfg = Debug|Any CPU
		{3BC50E02-B20C-425B-B0E1-A9004193AB8F}.Debug|Any CPU.Build.0 = Debug|Any CPU
		{3BC50E02-B20C-425B-B0E1-A9004193AB8F}.Debug|Any CPU.Deploy.0 = Debug|Any CPU
		{3BC50E02-B20C-425B-B0E1-A9004193AB8F}.Debug|ARM.ActiveCfg = Debug|Any CPU
		{3BC50E02-B20C-425B-B0E1-A9004193AB8F}.Debug|ARM.Build.0 = Debug|Any CPU
		{3BC50E02-B20C-425B-B0E1-A9004193AB8F}.Debug|ARM.Deploy.0 = Debug|Any CPU
		{3BC50E02-B20C-425B-B0E1-A9004193AB8F}.Debug|iPhone.ActiveCfg = Debug|Any CPU
		{3BC50E02-B20C-425B-B0E1-A9004193AB8F}.Debug|iPhone.Build.0 = Debug|Any CPU
		{3BC50E02-B20C-425B-B0E1-A9004193AB8F}.Debug|iPhone.Deploy.0 = Debug|Any CPU
		{3BC50E02-B20C-425B-B0E1-A9004193AB8F}.Debug|iPhoneSimulator.ActiveCfg = Debug|Any CPU
		{3BC50E02-B20C-425B-B0E1-A9004193AB8F}.Debug|iPhoneSimulator.Build.0 = Debug|Any CPU
		{3BC50E02-B20C-425B-B0E1-A9004193AB8F}.Debug|iPhoneSimulator.Deploy.0 = Debug|Any CPU
		{3BC50E02-B20C-425B-B0E1-A9004193AB8F}.Debug|x64.ActiveCfg = Debug|Any CPU
		{3BC50E02-B20C-425B-B0E1-A9004193AB8F}.Debug|x64.Build.0 = Debug|Any CPU
		{3BC50E02-B20C-425B-B0E1-A9004193AB8F}.Debug|x64.Deploy.0 = Debug|Any CPU
		{3BC50E02-B20C-425B-B0E1-A9004193AB8F}.Debug|x86.ActiveCfg = Debug|Any CPU
		{3BC50E02-B20C-425B-B0E1-A9004193AB8F}.Debug|x86.Build.0 = Debug|Any CPU
		{3BC50E02-B20C-425B-B0E1-A9004193AB8F}.Debug|x86.Deploy.0 = Debug|Any CPU
		{3BC50E02-B20C-425B-B0E1-A9004193AB8F}.Release|Any CPU.ActiveCfg = Release|Any CPU
		{3BC50E02-B20C-425B-B0E1-A9004193AB8F}.Release|Any CPU.Build.0 = Release|Any CPU
		{3BC50E02-B20C-425B-B0E1-A9004193AB8F}.Release|Any CPU.Deploy.0 = Release|Any CPU
		{3BC50E02-B20C-425B-B0E1-A9004193AB8F}.Release|ARM.ActiveCfg = Release|Any CPU
		{3BC50E02-B20C-425B-B0E1-A9004193AB8F}.Release|ARM.Build.0 = Release|Any CPU
		{3BC50E02-B20C-425B-B0E1-A9004193AB8F}.Release|ARM.Deploy.0 = Release|Any CPU
		{3BC50E02-B20C-425B-B0E1-A9004193AB8F}.Release|iPhone.ActiveCfg = Release|Any CPU
		{3BC50E02-B20C-425B-B0E1-A9004193AB8F}.Release|iPhone.Build.0 = Release|Any CPU
		{3BC50E02-B20C-425B-B0E1-A9004193AB8F}.Release|iPhone.Deploy.0 = Release|Any CPU
		{3BC50E02-B20C-425B-B0E1-A9004193AB8F}.Release|iPhoneSimulator.ActiveCfg = Release|Any CPU
		{3BC50E02-B20C-425B-B0E1-A9004193AB8F}.Release|iPhoneSimulator.Build.0 = Release|Any CPU
		{3BC50E02-B20C-425B-B0E1-A9004193AB8F}.Release|iPhoneSimulator.Deploy.0 = Release|Any CPU
		{3BC50E02-B20C-425B-B0E1-A9004193AB8F}.Release|x64.ActiveCfg = Release|Any CPU
		{3BC50E02-B20C-425B-B0E1-A9004193AB8F}.Release|x64.Build.0 = Release|Any CPU
		{3BC50E02-B20C-425B-B0E1-A9004193AB8F}.Release|x64.Deploy.0 = Release|Any CPU
		{3BC50E02-B20C-425B-B0E1-A9004193AB8F}.Release|x86.ActiveCfg = Release|Any CPU
		{3BC50E02-B20C-425B-B0E1-A9004193AB8F}.Release|x86.Build.0 = Release|Any CPU
		{3BC50E02-B20C-425B-B0E1-A9004193AB8F}.Release|x86.Deploy.0 = Release|Any CPU
		{77A7124C-8B30-43FF-A4D2-864F866F18D1}.Ad-Hoc|Any CPU.ActiveCfg = Ad-Hoc|iPhone
		{77A7124C-8B30-43FF-A4D2-864F866F18D1}.Ad-Hoc|ARM.ActiveCfg = Ad-Hoc|iPhone
		{77A7124C-8B30-43FF-A4D2-864F866F18D1}.Ad-Hoc|iPhone.ActiveCfg = Ad-Hoc|iPhone
		{77A7124C-8B30-43FF-A4D2-864F866F18D1}.Ad-Hoc|iPhone.Build.0 = Ad-Hoc|iPhone
		{77A7124C-8B30-43FF-A4D2-864F866F18D1}.Ad-Hoc|iPhoneSimulator.ActiveCfg = Ad-Hoc|iPhoneSimulator
		{77A7124C-8B30-43FF-A4D2-864F866F18D1}.Ad-Hoc|iPhoneSimulator.Build.0 = Ad-Hoc|iPhoneSimulator
		{77A7124C-8B30-43FF-A4D2-864F866F18D1}.Ad-Hoc|x64.ActiveCfg = Ad-Hoc|iPhone
		{77A7124C-8B30-43FF-A4D2-864F866F18D1}.Ad-Hoc|x86.ActiveCfg = Ad-Hoc|iPhone
		{77A7124C-8B30-43FF-A4D2-864F866F18D1}.AppStore|Any CPU.ActiveCfg = AppStore|iPhone
		{77A7124C-8B30-43FF-A4D2-864F866F18D1}.AppStore|ARM.ActiveCfg = AppStore|iPhone
		{77A7124C-8B30-43FF-A4D2-864F866F18D1}.AppStore|iPhone.ActiveCfg = AppStore|iPhone
		{77A7124C-8B30-43FF-A4D2-864F866F18D1}.AppStore|iPhone.Build.0 = AppStore|iPhone
		{77A7124C-8B30-43FF-A4D2-864F866F18D1}.AppStore|iPhoneSimulator.ActiveCfg = AppStore|iPhoneSimulator
		{77A7124C-8B30-43FF-A4D2-864F866F18D1}.AppStore|iPhoneSimulator.Build.0 = AppStore|iPhoneSimulator
		{77A7124C-8B30-43FF-A4D2-864F866F18D1}.AppStore|x64.ActiveCfg = AppStore|iPhone
		{77A7124C-8B30-43FF-A4D2-864F866F18D1}.AppStore|x86.ActiveCfg = AppStore|iPhone
		{77A7124C-8B30-43FF-A4D2-864F866F18D1}.Debug|Any CPU.ActiveCfg = Debug|iPhone
		{77A7124C-8B30-43FF-A4D2-864F866F18D1}.Debug|ARM.ActiveCfg = Debug|iPhone
		{77A7124C-8B30-43FF-A4D2-864F866F18D1}.Debug|iPhone.ActiveCfg = Debug|iPhone
		{77A7124C-8B30-43FF-A4D2-864F866F18D1}.Debug|iPhone.Build.0 = Debug|iPhone
		{77A7124C-8B30-43FF-A4D2-864F866F18D1}.Debug|iPhoneSimulator.ActiveCfg = Debug|iPhoneSimulator
		{77A7124C-8B30-43FF-A4D2-864F866F18D1}.Debug|iPhoneSimulator.Build.0 = Debug|iPhoneSimulator
		{77A7124C-8B30-43FF-A4D2-864F866F18D1}.Debug|x64.ActiveCfg = Debug|iPhone
		{77A7124C-8B30-43FF-A4D2-864F866F18D1}.Debug|x86.ActiveCfg = Debug|iPhone
		{77A7124C-8B30-43FF-A4D2-864F866F18D1}.Release|Any CPU.ActiveCfg = Release|iPhone
		{77A7124C-8B30-43FF-A4D2-864F866F18D1}.Release|ARM.ActiveCfg = Release|iPhone
		{77A7124C-8B30-43FF-A4D2-864F866F18D1}.Release|iPhone.ActiveCfg = Release|iPhone
		{77A7124C-8B30-43FF-A4D2-864F866F18D1}.Release|iPhone.Build.0 = Release|iPhone
		{77A7124C-8B30-43FF-A4D2-864F866F18D1}.Release|iPhoneSimulator.ActiveCfg = Release|iPhoneSimulator
		{77A7124C-8B30-43FF-A4D2-864F866F18D1}.Release|iPhoneSimulator.Build.0 = Release|iPhoneSimulator
		{77A7124C-8B30-43FF-A4D2-864F866F18D1}.Release|x64.ActiveCfg = Release|iPhone
		{77A7124C-8B30-43FF-A4D2-864F866F18D1}.Release|x86.ActiveCfg = Release|iPhone
		{67F9D3A8-F71E-4428-913F-C37AE82CDB24}.Ad-Hoc|Any CPU.ActiveCfg = Release|Any CPU
		{67F9D3A8-F71E-4428-913F-C37AE82CDB24}.Ad-Hoc|Any CPU.Build.0 = Release|Any CPU
		{67F9D3A8-F71E-4428-913F-C37AE82CDB24}.Ad-Hoc|ARM.ActiveCfg = Release|Any CPU
		{67F9D3A8-F71E-4428-913F-C37AE82CDB24}.Ad-Hoc|ARM.Build.0 = Release|Any CPU
		{67F9D3A8-F71E-4428-913F-C37AE82CDB24}.Ad-Hoc|iPhone.ActiveCfg = Release|Any CPU
		{67F9D3A8-F71E-4428-913F-C37AE82CDB24}.Ad-Hoc|iPhone.Build.0 = Release|Any CPU
		{67F9D3A8-F71E-4428-913F-C37AE82CDB24}.Ad-Hoc|iPhoneSimulator.ActiveCfg = Release|Any CPU
		{67F9D3A8-F71E-4428-913F-C37AE82CDB24}.Ad-Hoc|iPhoneSimulator.Build.0 = Release|Any CPU
		{67F9D3A8-F71E-4428-913F-C37AE82CDB24}.Ad-Hoc|x64.ActiveCfg = Release|Any CPU
		{67F9D3A8-F71E-4428-913F-C37AE82CDB24}.Ad-Hoc|x64.Build.0 = Release|Any CPU
		{67F9D3A8-F71E-4428-913F-C37AE82CDB24}.Ad-Hoc|x86.ActiveCfg = Release|Any CPU
		{67F9D3A8-F71E-4428-913F-C37AE82CDB24}.Ad-Hoc|x86.Build.0 = Release|Any CPU
		{67F9D3A8-F71E-4428-913F-C37AE82CDB24}.AppStore|Any CPU.ActiveCfg = Release|Any CPU
		{67F9D3A8-F71E-4428-913F-C37AE82CDB24}.AppStore|Any CPU.Build.0 = Release|Any CPU
		{67F9D3A8-F71E-4428-913F-C37AE82CDB24}.AppStore|ARM.ActiveCfg = Release|Any CPU
		{67F9D3A8-F71E-4428-913F-C37AE82CDB24}.AppStore|ARM.Build.0 = Release|Any CPU
		{67F9D3A8-F71E-4428-913F-C37AE82CDB24}.AppStore|iPhone.ActiveCfg = Release|Any CPU
		{67F9D3A8-F71E-4428-913F-C37AE82CDB24}.AppStore|iPhone.Build.0 = Release|Any CPU
		{67F9D3A8-F71E-4428-913F-C37AE82CDB24}.AppStore|iPhoneSimulator.ActiveCfg = Release|Any CPU
		{67F9D3A8-F71E-4428-913F-C37AE82CDB24}.AppStore|iPhoneSimulator.Build.0 = Release|Any CPU
		{67F9D3A8-F71E-4428-913F-C37AE82CDB24}.AppStore|x64.ActiveCfg = Release|Any CPU
		{67F9D3A8-F71E-4428-913F-C37AE82CDB24}.AppStore|x64.Build.0 = Release|Any CPU
		{67F9D3A8-F71E-4428-913F-C37AE82CDB24}.AppStore|x86.ActiveCfg = Release|Any CPU
		{67F9D3A8-F71E-4428-913F-C37AE82CDB24}.AppStore|x86.Build.0 = Release|Any CPU
		{67F9D3A8-F71E-4428-913F-C37AE82CDB24}.Debug|Any CPU.ActiveCfg = Debug|Any CPU
		{67F9D3A8-F71E-4428-913F-C37AE82CDB24}.Debug|Any CPU.Build.0 = Debug|Any CPU
		{67F9D3A8-F71E-4428-913F-C37AE82CDB24}.Debug|ARM.ActiveCfg = Debug|Any CPU
		{67F9D3A8-F71E-4428-913F-C37AE82CDB24}.Debug|ARM.Build.0 = Debug|Any CPU
		{67F9D3A8-F71E-4428-913F-C37AE82CDB24}.Debug|iPhone.ActiveCfg = Debug|Any CPU
		{67F9D3A8-F71E-4428-913F-C37AE82CDB24}.Debug|iPhone.Build.0 = Debug|Any CPU
		{67F9D3A8-F71E-4428-913F-C37AE82CDB24}.Debug|iPhoneSimulator.ActiveCfg = Debug|Any CPU
		{67F9D3A8-F71E-4428-913F-C37AE82CDB24}.Debug|iPhoneSimulator.Build.0 = Debug|Any CPU
		{67F9D3A8-F71E-4428-913F-C37AE82CDB24}.Debug|x64.ActiveCfg = Debug|Any CPU
		{67F9D3A8-F71E-4428-913F-C37AE82CDB24}.Debug|x64.Build.0 = Debug|Any CPU
		{67F9D3A8-F71E-4428-913F-C37AE82CDB24}.Debug|x86.ActiveCfg = Debug|Any CPU
		{67F9D3A8-F71E-4428-913F-C37AE82CDB24}.Debug|x86.Build.0 = Debug|Any CPU
		{67F9D3A8-F71E-4428-913F-C37AE82CDB24}.Release|Any CPU.ActiveCfg = Release|Any CPU
		{67F9D3A8-F71E-4428-913F-C37AE82CDB24}.Release|Any CPU.Build.0 = Release|Any CPU
		{67F9D3A8-F71E-4428-913F-C37AE82CDB24}.Release|ARM.ActiveCfg = Release|Any CPU
		{67F9D3A8-F71E-4428-913F-C37AE82CDB24}.Release|ARM.Build.0 = Release|Any CPU
		{67F9D3A8-F71E-4428-913F-C37AE82CDB24}.Release|iPhone.ActiveCfg = Release|Any CPU
		{67F9D3A8-F71E-4428-913F-C37AE82CDB24}.Release|iPhone.Build.0 = Release|Any CPU
		{67F9D3A8-F71E-4428-913F-C37AE82CDB24}.Release|iPhoneSimulator.ActiveCfg = Release|Any CPU
		{67F9D3A8-F71E-4428-913F-C37AE82CDB24}.Release|iPhoneSimulator.Build.0 = Release|Any CPU
		{67F9D3A8-F71E-4428-913F-C37AE82CDB24}.Release|x64.ActiveCfg = Release|Any CPU
		{67F9D3A8-F71E-4428-913F-C37AE82CDB24}.Release|x64.Build.0 = Release|Any CPU
		{67F9D3A8-F71E-4428-913F-C37AE82CDB24}.Release|x86.ActiveCfg = Release|Any CPU
		{67F9D3A8-F71E-4428-913F-C37AE82CDB24}.Release|x86.Build.0 = Release|Any CPU
		{7BEB1425-092A-4445-974C-51325F46E7F5}.Ad-Hoc|Any CPU.ActiveCfg = Debug|Any CPU
		{7BEB1425-092A-4445-974C-51325F46E7F5}.Ad-Hoc|Any CPU.Build.0 = Debug|Any CPU
		{7BEB1425-092A-4445-974C-51325F46E7F5}.Ad-Hoc|ARM.ActiveCfg = Debug|Any CPU
		{7BEB1425-092A-4445-974C-51325F46E7F5}.Ad-Hoc|ARM.Build.0 = Debug|Any CPU
		{7BEB1425-092A-4445-974C-51325F46E7F5}.Ad-Hoc|iPhone.ActiveCfg = Debug|Any CPU
		{7BEB1425-092A-4445-974C-51325F46E7F5}.Ad-Hoc|iPhone.Build.0 = Debug|Any CPU
		{7BEB1425-092A-4445-974C-51325F46E7F5}.Ad-Hoc|iPhoneSimulator.ActiveCfg = Debug|Any CPU
		{7BEB1425-092A-4445-974C-51325F46E7F5}.Ad-Hoc|iPhoneSimulator.Build.0 = Debug|Any CPU
		{7BEB1425-092A-4445-974C-51325F46E7F5}.Ad-Hoc|x64.ActiveCfg = Debug|Any CPU
		{7BEB1425-092A-4445-974C-51325F46E7F5}.Ad-Hoc|x64.Build.0 = Debug|Any CPU
		{7BEB1425-092A-4445-974C-51325F46E7F5}.Ad-Hoc|x86.ActiveCfg = Debug|Any CPU
		{7BEB1425-092A-4445-974C-51325F46E7F5}.Ad-Hoc|x86.Build.0 = Debug|Any CPU
		{7BEB1425-092A-4445-974C-51325F46E7F5}.AppStore|Any CPU.ActiveCfg = Debug|Any CPU
		{7BEB1425-092A-4445-974C-51325F46E7F5}.AppStore|Any CPU.Build.0 = Debug|Any CPU
		{7BEB1425-092A-4445-974C-51325F46E7F5}.AppStore|ARM.ActiveCfg = Debug|Any CPU
		{7BEB1425-092A-4445-974C-51325F46E7F5}.AppStore|ARM.Build.0 = Debug|Any CPU
		{7BEB1425-092A-4445-974C-51325F46E7F5}.AppStore|iPhone.ActiveCfg = Debug|Any CPU
		{7BEB1425-092A-4445-974C-51325F46E7F5}.AppStore|iPhone.Build.0 = Debug|Any CPU
		{7BEB1425-092A-4445-974C-51325F46E7F5}.AppStore|iPhoneSimulator.ActiveCfg = Debug|Any CPU
		{7BEB1425-092A-4445-974C-51325F46E7F5}.AppStore|iPhoneSimulator.Build.0 = Debug|Any CPU
		{7BEB1425-092A-4445-974C-51325F46E7F5}.AppStore|x64.ActiveCfg = Debug|Any CPU
		{7BEB1425-092A-4445-974C-51325F46E7F5}.AppStore|x64.Build.0 = Debug|Any CPU
		{7BEB1425-092A-4445-974C-51325F46E7F5}.AppStore|x86.ActiveCfg = Debug|Any CPU
		{7BEB1425-092A-4445-974C-51325F46E7F5}.AppStore|x86.Build.0 = Debug|Any CPU
		{7BEB1425-092A-4445-974C-51325F46E7F5}.Debug|Any CPU.ActiveCfg = Debug|Any CPU
		{7BEB1425-092A-4445-974C-51325F46E7F5}.Debug|Any CPU.Build.0 = Debug|Any CPU
		{7BEB1425-092A-4445-974C-51325F46E7F5}.Debug|ARM.ActiveCfg = Debug|Any CPU
		{7BEB1425-092A-4445-974C-51325F46E7F5}.Debug|ARM.Build.0 = Debug|Any CPU
		{7BEB1425-092A-4445-974C-51325F46E7F5}.Debug|iPhone.ActiveCfg = Debug|Any CPU
		{7BEB1425-092A-4445-974C-51325F46E7F5}.Debug|iPhone.Build.0 = Debug|Any CPU
		{7BEB1425-092A-4445-974C-51325F46E7F5}.Debug|iPhoneSimulator.ActiveCfg = Debug|Any CPU
		{7BEB1425-092A-4445-974C-51325F46E7F5}.Debug|iPhoneSimulator.Build.0 = Debug|Any CPU
		{7BEB1425-092A-4445-974C-51325F46E7F5}.Debug|x64.ActiveCfg = Debug|Any CPU
		{7BEB1425-092A-4445-974C-51325F46E7F5}.Debug|x64.Build.0 = Debug|Any CPU
		{7BEB1425-092A-4445-974C-51325F46E7F5}.Debug|x86.ActiveCfg = Debug|Any CPU
		{7BEB1425-092A-4445-974C-51325F46E7F5}.Debug|x86.Build.0 = Debug|Any CPU
		{7BEB1425-092A-4445-974C-51325F46E7F5}.Release|Any CPU.ActiveCfg = Release|Any CPU
		{7BEB1425-092A-4445-974C-51325F46E7F5}.Release|Any CPU.Build.0 = Release|Any CPU
		{7BEB1425-092A-4445-974C-51325F46E7F5}.Release|ARM.ActiveCfg = Release|Any CPU
		{7BEB1425-092A-4445-974C-51325F46E7F5}.Release|ARM.Build.0 = Release|Any CPU
		{7BEB1425-092A-4445-974C-51325F46E7F5}.Release|iPhone.ActiveCfg = Release|Any CPU
		{7BEB1425-092A-4445-974C-51325F46E7F5}.Release|iPhone.Build.0 = Release|Any CPU
		{7BEB1425-092A-4445-974C-51325F46E7F5}.Release|iPhoneSimulator.ActiveCfg = Release|Any CPU
		{7BEB1425-092A-4445-974C-51325F46E7F5}.Release|iPhoneSimulator.Build.0 = Release|Any CPU
		{7BEB1425-092A-4445-974C-51325F46E7F5}.Release|x64.ActiveCfg = Release|Any CPU
		{7BEB1425-092A-4445-974C-51325F46E7F5}.Release|x64.Build.0 = Release|Any CPU
		{7BEB1425-092A-4445-974C-51325F46E7F5}.Release|x86.ActiveCfg = Release|Any CPU
		{7BEB1425-092A-4445-974C-51325F46E7F5}.Release|x86.Build.0 = Release|Any CPU
		{A03A7BB2-4F0B-467B-84B2-9A76E6AAE6FB}.Ad-Hoc|Any CPU.ActiveCfg = Release|Any CPU
		{A03A7BB2-4F0B-467B-84B2-9A76E6AAE6FB}.Ad-Hoc|Any CPU.Build.0 = Release|Any CPU
		{A03A7BB2-4F0B-467B-84B2-9A76E6AAE6FB}.Ad-Hoc|ARM.ActiveCfg = Release|Any CPU
		{A03A7BB2-4F0B-467B-84B2-9A76E6AAE6FB}.Ad-Hoc|ARM.Build.0 = Release|Any CPU
		{A03A7BB2-4F0B-467B-84B2-9A76E6AAE6FB}.Ad-Hoc|iPhone.ActiveCfg = Release|Any CPU
		{A03A7BB2-4F0B-467B-84B2-9A76E6AAE6FB}.Ad-Hoc|iPhone.Build.0 = Release|Any CPU
		{A03A7BB2-4F0B-467B-84B2-9A76E6AAE6FB}.Ad-Hoc|iPhoneSimulator.ActiveCfg = Release|Any CPU
		{A03A7BB2-4F0B-467B-84B2-9A76E6AAE6FB}.Ad-Hoc|iPhoneSimulator.Build.0 = Release|Any CPU
		{A03A7BB2-4F0B-467B-84B2-9A76E6AAE6FB}.Ad-Hoc|x64.ActiveCfg = Release|Any CPU
		{A03A7BB2-4F0B-467B-84B2-9A76E6AAE6FB}.Ad-Hoc|x64.Build.0 = Release|Any CPU
		{A03A7BB2-4F0B-467B-84B2-9A76E6AAE6FB}.Ad-Hoc|x86.ActiveCfg = Release|x86
		{A03A7BB2-4F0B-467B-84B2-9A76E6AAE6FB}.Ad-Hoc|x86.Build.0 = Release|x86
		{A03A7BB2-4F0B-467B-84B2-9A76E6AAE6FB}.AppStore|Any CPU.ActiveCfg = Release|Any CPU
		{A03A7BB2-4F0B-467B-84B2-9A76E6AAE6FB}.AppStore|Any CPU.Build.0 = Release|Any CPU
		{A03A7BB2-4F0B-467B-84B2-9A76E6AAE6FB}.AppStore|ARM.ActiveCfg = Release|Any CPU
		{A03A7BB2-4F0B-467B-84B2-9A76E6AAE6FB}.AppStore|ARM.Build.0 = Release|Any CPU
		{A03A7BB2-4F0B-467B-84B2-9A76E6AAE6FB}.AppStore|iPhone.ActiveCfg = Release|Any CPU
		{A03A7BB2-4F0B-467B-84B2-9A76E6AAE6FB}.AppStore|iPhone.Build.0 = Release|Any CPU
		{A03A7BB2-4F0B-467B-84B2-9A76E6AAE6FB}.AppStore|iPhoneSimulator.ActiveCfg = Release|Any CPU
		{A03A7BB2-4F0B-467B-84B2-9A76E6AAE6FB}.AppStore|iPhoneSimulator.Build.0 = Release|Any CPU
		{A03A7BB2-4F0B-467B-84B2-9A76E6AAE6FB}.AppStore|x64.ActiveCfg = Release|Any CPU
		{A03A7BB2-4F0B-467B-84B2-9A76E6AAE6FB}.AppStore|x64.Build.0 = Release|Any CPU
		{A03A7BB2-4F0B-467B-84B2-9A76E6AAE6FB}.AppStore|x86.ActiveCfg = Release|x86
		{A03A7BB2-4F0B-467B-84B2-9A76E6AAE6FB}.AppStore|x86.Build.0 = Release|x86
		{A03A7BB2-4F0B-467B-84B2-9A76E6AAE6FB}.Debug|Any CPU.ActiveCfg = Debug|Any CPU
		{A03A7BB2-4F0B-467B-84B2-9A76E6AAE6FB}.Debug|Any CPU.Build.0 = Debug|Any CPU
		{A03A7BB2-4F0B-467B-84B2-9A76E6AAE6FB}.Debug|ARM.ActiveCfg = Debug|Any CPU
		{A03A7BB2-4F0B-467B-84B2-9A76E6AAE6FB}.Debug|ARM.Build.0 = Debug|Any CPU
		{A03A7BB2-4F0B-467B-84B2-9A76E6AAE6FB}.Debug|iPhone.ActiveCfg = Debug|Any CPU
		{A03A7BB2-4F0B-467B-84B2-9A76E6AAE6FB}.Debug|iPhone.Build.0 = Debug|Any CPU
		{A03A7BB2-4F0B-467B-84B2-9A76E6AAE6FB}.Debug|iPhoneSimulator.ActiveCfg = Debug|Any CPU
		{A03A7BB2-4F0B-467B-84B2-9A76E6AAE6FB}.Debug|iPhoneSimulator.Build.0 = Debug|Any CPU
		{A03A7BB2-4F0B-467B-84B2-9A76E6AAE6FB}.Debug|x64.ActiveCfg = Debug|Any CPU
		{A03A7BB2-4F0B-467B-84B2-9A76E6AAE6FB}.Debug|x64.Build.0 = Debug|Any CPU
		{A03A7BB2-4F0B-467B-84B2-9A76E6AAE6FB}.Debug|x86.ActiveCfg = Debug|x86
		{A03A7BB2-4F0B-467B-84B2-9A76E6AAE6FB}.Debug|x86.Build.0 = Debug|x86
		{A03A7BB2-4F0B-467B-84B2-9A76E6AAE6FB}.Release|Any CPU.ActiveCfg = Release|Any CPU
		{A03A7BB2-4F0B-467B-84B2-9A76E6AAE6FB}.Release|Any CPU.Build.0 = Release|Any CPU
		{A03A7BB2-4F0B-467B-84B2-9A76E6AAE6FB}.Release|ARM.ActiveCfg = Release|Any CPU
		{A03A7BB2-4F0B-467B-84B2-9A76E6AAE6FB}.Release|ARM.Build.0 = Release|Any CPU
		{A03A7BB2-4F0B-467B-84B2-9A76E6AAE6FB}.Release|iPhone.ActiveCfg = Release|Any CPU
		{A03A7BB2-4F0B-467B-84B2-9A76E6AAE6FB}.Release|iPhone.Build.0 = Release|Any CPU
		{A03A7BB2-4F0B-467B-84B2-9A76E6AAE6FB}.Release|iPhoneSimulator.ActiveCfg = Release|Any CPU
		{A03A7BB2-4F0B-467B-84B2-9A76E6AAE6FB}.Release|iPhoneSimulator.Build.0 = Release|Any CPU
		{A03A7BB2-4F0B-467B-84B2-9A76E6AAE6FB}.Release|x64.ActiveCfg = Release|Any CPU
		{A03A7BB2-4F0B-467B-84B2-9A76E6AAE6FB}.Release|x64.Build.0 = Release|Any CPU
		{A03A7BB2-4F0B-467B-84B2-9A76E6AAE6FB}.Release|x86.ActiveCfg = Release|x86
		{A03A7BB2-4F0B-467B-84B2-9A76E6AAE6FB}.Release|x86.Build.0 = Release|x86
		{05D2DA44-1B8E-4CF7-94ED-4D52451CD095}.Ad-Hoc|Any CPU.ActiveCfg = Release|Any CPU
		{05D2DA44-1B8E-4CF7-94ED-4D52451CD095}.Ad-Hoc|Any CPU.Build.0 = Release|Any CPU
		{05D2DA44-1B8E-4CF7-94ED-4D52451CD095}.Ad-Hoc|ARM.ActiveCfg = Release|Any CPU
		{05D2DA44-1B8E-4CF7-94ED-4D52451CD095}.Ad-Hoc|ARM.Build.0 = Release|Any CPU
		{05D2DA44-1B8E-4CF7-94ED-4D52451CD095}.Ad-Hoc|iPhone.ActiveCfg = Release|Any CPU
		{05D2DA44-1B8E-4CF7-94ED-4D52451CD095}.Ad-Hoc|iPhone.Build.0 = Release|Any CPU
		{05D2DA44-1B8E-4CF7-94ED-4D52451CD095}.Ad-Hoc|iPhoneSimulator.ActiveCfg = Release|Any CPU
		{05D2DA44-1B8E-4CF7-94ED-4D52451CD095}.Ad-Hoc|iPhoneSimulator.Build.0 = Release|Any CPU
		{05D2DA44-1B8E-4CF7-94ED-4D52451CD095}.Ad-Hoc|x64.ActiveCfg = Release|Any CPU
		{05D2DA44-1B8E-4CF7-94ED-4D52451CD095}.Ad-Hoc|x64.Build.0 = Release|Any CPU
		{05D2DA44-1B8E-4CF7-94ED-4D52451CD095}.Ad-Hoc|x86.ActiveCfg = Release|x86
		{05D2DA44-1B8E-4CF7-94ED-4D52451CD095}.Ad-Hoc|x86.Build.0 = Release|x86
		{05D2DA44-1B8E-4CF7-94ED-4D52451CD095}.AppStore|Any CPU.ActiveCfg = Release|Any CPU
		{05D2DA44-1B8E-4CF7-94ED-4D52451CD095}.AppStore|Any CPU.Build.0 = Release|Any CPU
		{05D2DA44-1B8E-4CF7-94ED-4D52451CD095}.AppStore|ARM.ActiveCfg = Release|Any CPU
		{05D2DA44-1B8E-4CF7-94ED-4D52451CD095}.AppStore|ARM.Build.0 = Release|Any CPU
		{05D2DA44-1B8E-4CF7-94ED-4D52451CD095}.AppStore|iPhone.ActiveCfg = Release|Any CPU
		{05D2DA44-1B8E-4CF7-94ED-4D52451CD095}.AppStore|iPhone.Build.0 = Release|Any CPU
		{05D2DA44-1B8E-4CF7-94ED-4D52451CD095}.AppStore|iPhoneSimulator.ActiveCfg = Release|Any CPU
		{05D2DA44-1B8E-4CF7-94ED-4D52451CD095}.AppStore|iPhoneSimulator.Build.0 = Release|Any CPU
		{05D2DA44-1B8E-4CF7-94ED-4D52451CD095}.AppStore|x64.ActiveCfg = Release|Any CPU
		{05D2DA44-1B8E-4CF7-94ED-4D52451CD095}.AppStore|x64.Build.0 = Release|Any CPU
		{05D2DA44-1B8E-4CF7-94ED-4D52451CD095}.AppStore|x86.ActiveCfg = Release|x86
		{05D2DA44-1B8E-4CF7-94ED-4D52451CD095}.AppStore|x86.Build.0 = Release|x86
		{05D2DA44-1B8E-4CF7-94ED-4D52451CD095}.Debug|Any CPU.ActiveCfg = Debug|Any CPU
		{05D2DA44-1B8E-4CF7-94ED-4D52451CD095}.Debug|Any CPU.Build.0 = Debug|Any CPU
		{05D2DA44-1B8E-4CF7-94ED-4D52451CD095}.Debug|ARM.ActiveCfg = Debug|Any CPU
		{05D2DA44-1B8E-4CF7-94ED-4D52451CD095}.Debug|ARM.Build.0 = Debug|Any CPU
		{05D2DA44-1B8E-4CF7-94ED-4D52451CD095}.Debug|iPhone.ActiveCfg = Debug|Any CPU
		{05D2DA44-1B8E-4CF7-94ED-4D52451CD095}.Debug|iPhone.Build.0 = Debug|Any CPU
		{05D2DA44-1B8E-4CF7-94ED-4D52451CD095}.Debug|iPhoneSimulator.ActiveCfg = Debug|Any CPU
		{05D2DA44-1B8E-4CF7-94ED-4D52451CD095}.Debug|iPhoneSimulator.Build.0 = Debug|Any CPU
		{05D2DA44-1B8E-4CF7-94ED-4D52451CD095}.Debug|x64.ActiveCfg = Debug|Any CPU
		{05D2DA44-1B8E-4CF7-94ED-4D52451CD095}.Debug|x64.Build.0 = Debug|Any CPU
		{05D2DA44-1B8E-4CF7-94ED-4D52451CD095}.Debug|x86.ActiveCfg = Debug|x86
		{05D2DA44-1B8E-4CF7-94ED-4D52451CD095}.Debug|x86.Build.0 = Debug|x86
		{05D2DA44-1B8E-4CF7-94ED-4D52451CD095}.Release|Any CPU.ActiveCfg = Release|Any CPU
		{05D2DA44-1B8E-4CF7-94ED-4D52451CD095}.Release|Any CPU.Build.0 = Release|Any CPU
		{05D2DA44-1B8E-4CF7-94ED-4D52451CD095}.Release|ARM.ActiveCfg = Release|Any CPU
		{05D2DA44-1B8E-4CF7-94ED-4D52451CD095}.Release|ARM.Build.0 = Release|Any CPU
		{05D2DA44-1B8E-4CF7-94ED-4D52451CD095}.Release|iPhone.ActiveCfg = Release|Any CPU
		{05D2DA44-1B8E-4CF7-94ED-4D52451CD095}.Release|iPhone.Build.0 = Release|Any CPU
		{05D2DA44-1B8E-4CF7-94ED-4D52451CD095}.Release|iPhoneSimulator.ActiveCfg = Release|Any CPU
		{05D2DA44-1B8E-4CF7-94ED-4D52451CD095}.Release|iPhoneSimulator.Build.0 = Release|Any CPU
		{05D2DA44-1B8E-4CF7-94ED-4D52451CD095}.Release|x64.ActiveCfg = Release|Any CPU
		{05D2DA44-1B8E-4CF7-94ED-4D52451CD095}.Release|x64.Build.0 = Release|Any CPU
		{05D2DA44-1B8E-4CF7-94ED-4D52451CD095}.Release|x86.ActiveCfg = Release|x86
		{05D2DA44-1B8E-4CF7-94ED-4D52451CD095}.Release|x86.Build.0 = Release|x86
		{0739E40D-C589-4AEB-93E5-EE8CD6773C60}.Ad-Hoc|Any CPU.ActiveCfg = Release|Any CPU
		{0739E40D-C589-4AEB-93E5-EE8CD6773C60}.Ad-Hoc|Any CPU.Build.0 = Release|Any CPU
		{0739E40D-C589-4AEB-93E5-EE8CD6773C60}.Ad-Hoc|ARM.ActiveCfg = Release|Any CPU
		{0739E40D-C589-4AEB-93E5-EE8CD6773C60}.Ad-Hoc|ARM.Build.0 = Release|Any CPU
		{0739E40D-C589-4AEB-93E5-EE8CD6773C60}.Ad-Hoc|iPhone.ActiveCfg = Release|Any CPU
		{0739E40D-C589-4AEB-93E5-EE8CD6773C60}.Ad-Hoc|iPhone.Build.0 = Release|Any CPU
		{0739E40D-C589-4AEB-93E5-EE8CD6773C60}.Ad-Hoc|iPhoneSimulator.ActiveCfg = Release|Any CPU
		{0739E40D-C589-4AEB-93E5-EE8CD6773C60}.Ad-Hoc|iPhoneSimulator.Build.0 = Release|Any CPU
		{0739E40D-C589-4AEB-93E5-EE8CD6773C60}.Ad-Hoc|x64.ActiveCfg = Release|Any CPU
		{0739E40D-C589-4AEB-93E5-EE8CD6773C60}.Ad-Hoc|x64.Build.0 = Release|Any CPU
		{0739E40D-C589-4AEB-93E5-EE8CD6773C60}.Ad-Hoc|x86.ActiveCfg = Release|Any CPU
		{0739E40D-C589-4AEB-93E5-EE8CD6773C60}.Ad-Hoc|x86.Build.0 = Release|Any CPU
		{0739E40D-C589-4AEB-93E5-EE8CD6773C60}.AppStore|Any CPU.ActiveCfg = Release|Any CPU
		{0739E40D-C589-4AEB-93E5-EE8CD6773C60}.AppStore|Any CPU.Build.0 = Release|Any CPU
		{0739E40D-C589-4AEB-93E5-EE8CD6773C60}.AppStore|ARM.ActiveCfg = Release|Any CPU
		{0739E40D-C589-4AEB-93E5-EE8CD6773C60}.AppStore|ARM.Build.0 = Release|Any CPU
		{0739E40D-C589-4AEB-93E5-EE8CD6773C60}.AppStore|iPhone.ActiveCfg = Release|Any CPU
		{0739E40D-C589-4AEB-93E5-EE8CD6773C60}.AppStore|iPhone.Build.0 = Release|Any CPU
		{0739E40D-C589-4AEB-93E5-EE8CD6773C60}.AppStore|iPhoneSimulator.ActiveCfg = Release|Any CPU
		{0739E40D-C589-4AEB-93E5-EE8CD6773C60}.AppStore|iPhoneSimulator.Build.0 = Release|Any CPU
		{0739E40D-C589-4AEB-93E5-EE8CD6773C60}.AppStore|x64.ActiveCfg = Release|Any CPU
		{0739E40D-C589-4AEB-93E5-EE8CD6773C60}.AppStore|x64.Build.0 = Release|Any CPU
		{0739E40D-C589-4AEB-93E5-EE8CD6773C60}.AppStore|x86.ActiveCfg = Release|Any CPU
		{0739E40D-C589-4AEB-93E5-EE8CD6773C60}.AppStore|x86.Build.0 = Release|Any CPU
		{0739E40D-C589-4AEB-93E5-EE8CD6773C60}.Debug|Any CPU.ActiveCfg = Debug|Any CPU
		{0739E40D-C589-4AEB-93E5-EE8CD6773C60}.Debug|Any CPU.Build.0 = Debug|Any CPU
		{0739E40D-C589-4AEB-93E5-EE8CD6773C60}.Debug|ARM.ActiveCfg = Debug|Any CPU
		{0739E40D-C589-4AEB-93E5-EE8CD6773C60}.Debug|ARM.Build.0 = Debug|Any CPU
		{0739E40D-C589-4AEB-93E5-EE8CD6773C60}.Debug|iPhone.ActiveCfg = Debug|Any CPU
		{0739E40D-C589-4AEB-93E5-EE8CD6773C60}.Debug|iPhone.Build.0 = Debug|Any CPU
		{0739E40D-C589-4AEB-93E5-EE8CD6773C60}.Debug|iPhoneSimulator.ActiveCfg = Debug|Any CPU
		{0739E40D-C589-4AEB-93E5-EE8CD6773C60}.Debug|iPhoneSimulator.Build.0 = Debug|Any CPU
		{0739E40D-C589-4AEB-93E5-EE8CD6773C60}.Debug|x64.ActiveCfg = Debug|Any CPU
		{0739E40D-C589-4AEB-93E5-EE8CD6773C60}.Debug|x64.Build.0 = Debug|Any CPU
		{0739E40D-C589-4AEB-93E5-EE8CD6773C60}.Debug|x86.ActiveCfg = Debug|Any CPU
		{0739E40D-C589-4AEB-93E5-EE8CD6773C60}.Debug|x86.Build.0 = Debug|Any CPU
		{0739E40D-C589-4AEB-93E5-EE8CD6773C60}.Release|Any CPU.ActiveCfg = Release|Any CPU
		{0739E40D-C589-4AEB-93E5-EE8CD6773C60}.Release|Any CPU.Build.0 = Release|Any CPU
		{0739E40D-C589-4AEB-93E5-EE8CD6773C60}.Release|ARM.ActiveCfg = Release|Any CPU
		{0739E40D-C589-4AEB-93E5-EE8CD6773C60}.Release|ARM.Build.0 = Release|Any CPU
		{0739E40D-C589-4AEB-93E5-EE8CD6773C60}.Release|iPhone.ActiveCfg = Release|Any CPU
		{0739E40D-C589-4AEB-93E5-EE8CD6773C60}.Release|iPhone.Build.0 = Release|Any CPU
		{0739E40D-C589-4AEB-93E5-EE8CD6773C60}.Release|iPhoneSimulator.ActiveCfg = Release|Any CPU
		{0739E40D-C589-4AEB-93E5-EE8CD6773C60}.Release|iPhoneSimulator.Build.0 = Release|Any CPU
		{0739E40D-C589-4AEB-93E5-EE8CD6773C60}.Release|x64.ActiveCfg = Release|Any CPU
		{0739E40D-C589-4AEB-93E5-EE8CD6773C60}.Release|x64.Build.0 = Release|Any CPU
		{0739E40D-C589-4AEB-93E5-EE8CD6773C60}.Release|x86.ActiveCfg = Release|Any CPU
		{0739E40D-C589-4AEB-93E5-EE8CD6773C60}.Release|x86.Build.0 = Release|Any CPU
		{AD76380C-2CFF-44AB-B7D3-53156BC0A719}.Ad-Hoc|Any CPU.ActiveCfg = Release|Any CPU
		{AD76380C-2CFF-44AB-B7D3-53156BC0A719}.Ad-Hoc|Any CPU.Build.0 = Release|Any CPU
		{AD76380C-2CFF-44AB-B7D3-53156BC0A719}.Ad-Hoc|ARM.ActiveCfg = Release|Any CPU
		{AD76380C-2CFF-44AB-B7D3-53156BC0A719}.Ad-Hoc|ARM.Build.0 = Release|Any CPU
		{AD76380C-2CFF-44AB-B7D3-53156BC0A719}.Ad-Hoc|iPhone.ActiveCfg = Release|Any CPU
		{AD76380C-2CFF-44AB-B7D3-53156BC0A719}.Ad-Hoc|iPhone.Build.0 = Release|Any CPU
		{AD76380C-2CFF-44AB-B7D3-53156BC0A719}.Ad-Hoc|iPhoneSimulator.ActiveCfg = Release|Any CPU
		{AD76380C-2CFF-44AB-B7D3-53156BC0A719}.Ad-Hoc|iPhoneSimulator.Build.0 = Release|Any CPU
		{AD76380C-2CFF-44AB-B7D3-53156BC0A719}.Ad-Hoc|x64.ActiveCfg = Release|Any CPU
		{AD76380C-2CFF-44AB-B7D3-53156BC0A719}.Ad-Hoc|x64.Build.0 = Release|Any CPU
		{AD76380C-2CFF-44AB-B7D3-53156BC0A719}.Ad-Hoc|x86.ActiveCfg = Release|Any CPU
		{AD76380C-2CFF-44AB-B7D3-53156BC0A719}.Ad-Hoc|x86.Build.0 = Release|Any CPU
		{AD76380C-2CFF-44AB-B7D3-53156BC0A719}.AppStore|Any CPU.ActiveCfg = Release|Any CPU
		{AD76380C-2CFF-44AB-B7D3-53156BC0A719}.AppStore|Any CPU.Build.0 = Release|Any CPU
		{AD76380C-2CFF-44AB-B7D3-53156BC0A719}.AppStore|ARM.ActiveCfg = Release|Any CPU
		{AD76380C-2CFF-44AB-B7D3-53156BC0A719}.AppStore|ARM.Build.0 = Release|Any CPU
		{AD76380C-2CFF-44AB-B7D3-53156BC0A719}.AppStore|iPhone.ActiveCfg = Release|Any CPU
		{AD76380C-2CFF-44AB-B7D3-53156BC0A719}.AppStore|iPhone.Build.0 = Release|Any CPU
		{AD76380C-2CFF-44AB-B7D3-53156BC0A719}.AppStore|iPhoneSimulator.ActiveCfg = Release|Any CPU
		{AD76380C-2CFF-44AB-B7D3-53156BC0A719}.AppStore|iPhoneSimulator.Build.0 = Release|Any CPU
		{AD76380C-2CFF-44AB-B7D3-53156BC0A719}.AppStore|x64.ActiveCfg = Release|Any CPU
		{AD76380C-2CFF-44AB-B7D3-53156BC0A719}.AppStore|x64.Build.0 = Release|Any CPU
		{AD76380C-2CFF-44AB-B7D3-53156BC0A719}.AppStore|x86.ActiveCfg = Release|Any CPU
		{AD76380C-2CFF-44AB-B7D3-53156BC0A719}.AppStore|x86.Build.0 = Release|Any CPU
		{AD76380C-2CFF-44AB-B7D3-53156BC0A719}.Debug|Any CPU.ActiveCfg = Debug|Any CPU
		{AD76380C-2CFF-44AB-B7D3-53156BC0A719}.Debug|Any CPU.Build.0 = Debug|Any CPU
		{AD76380C-2CFF-44AB-B7D3-53156BC0A719}.Debug|ARM.ActiveCfg = Debug|Any CPU
		{AD76380C-2CFF-44AB-B7D3-53156BC0A719}.Debug|ARM.Build.0 = Debug|Any CPU
		{AD76380C-2CFF-44AB-B7D3-53156BC0A719}.Debug|iPhone.ActiveCfg = Debug|Any CPU
		{AD76380C-2CFF-44AB-B7D3-53156BC0A719}.Debug|iPhone.Build.0 = Debug|Any CPU
		{AD76380C-2CFF-44AB-B7D3-53156BC0A719}.Debug|iPhoneSimulator.ActiveCfg = Debug|Any CPU
		{AD76380C-2CFF-44AB-B7D3-53156BC0A719}.Debug|iPhoneSimulator.Build.0 = Debug|Any CPU
		{AD76380C-2CFF-44AB-B7D3-53156BC0A719}.Debug|x64.ActiveCfg = Debug|Any CPU
		{AD76380C-2CFF-44AB-B7D3-53156BC0A719}.Debug|x64.Build.0 = Debug|Any CPU
		{AD76380C-2CFF-44AB-B7D3-53156BC0A719}.Debug|x86.ActiveCfg = Debug|Any CPU
		{AD76380C-2CFF-44AB-B7D3-53156BC0A719}.Debug|x86.Build.0 = Debug|Any CPU
		{AD76380C-2CFF-44AB-B7D3-53156BC0A719}.Release|Any CPU.ActiveCfg = Release|Any CPU
		{AD76380C-2CFF-44AB-B7D3-53156BC0A719}.Release|Any CPU.Build.0 = Release|Any CPU
		{AD76380C-2CFF-44AB-B7D3-53156BC0A719}.Release|ARM.ActiveCfg = Release|Any CPU
		{AD76380C-2CFF-44AB-B7D3-53156BC0A719}.Release|ARM.Build.0 = Release|Any CPU
		{AD76380C-2CFF-44AB-B7D3-53156BC0A719}.Release|iPhone.ActiveCfg = Release|Any CPU
		{AD76380C-2CFF-44AB-B7D3-53156BC0A719}.Release|iPhone.Build.0 = Release|Any CPU
		{AD76380C-2CFF-44AB-B7D3-53156BC0A719}.Release|iPhoneSimulator.ActiveCfg = Release|Any CPU
		{AD76380C-2CFF-44AB-B7D3-53156BC0A719}.Release|iPhoneSimulator.Build.0 = Release|Any CPU
		{AD76380C-2CFF-44AB-B7D3-53156BC0A719}.Release|x64.ActiveCfg = Release|Any CPU
		{AD76380C-2CFF-44AB-B7D3-53156BC0A719}.Release|x64.Build.0 = Release|Any CPU
		{AD76380C-2CFF-44AB-B7D3-53156BC0A719}.Release|x86.ActiveCfg = Release|Any CPU
		{AD76380C-2CFF-44AB-B7D3-53156BC0A719}.Release|x86.Build.0 = Release|Any CPU
		{D476DDDA-B56E-4826-9DF8-97BFECA186E7}.Ad-Hoc|Any CPU.ActiveCfg = Release|Any CPU
		{D476DDDA-B56E-4826-9DF8-97BFECA186E7}.Ad-Hoc|Any CPU.Build.0 = Release|Any CPU
		{D476DDDA-B56E-4826-9DF8-97BFECA186E7}.Ad-Hoc|ARM.ActiveCfg = Release|Any CPU
		{D476DDDA-B56E-4826-9DF8-97BFECA186E7}.Ad-Hoc|ARM.Build.0 = Release|Any CPU
		{D476DDDA-B56E-4826-9DF8-97BFECA186E7}.Ad-Hoc|iPhone.ActiveCfg = Release|Any CPU
		{D476DDDA-B56E-4826-9DF8-97BFECA186E7}.Ad-Hoc|iPhone.Build.0 = Release|Any CPU
		{D476DDDA-B56E-4826-9DF8-97BFECA186E7}.Ad-Hoc|iPhoneSimulator.ActiveCfg = Release|Any CPU
		{D476DDDA-B56E-4826-9DF8-97BFECA186E7}.Ad-Hoc|iPhoneSimulator.Build.0 = Release|Any CPU
		{D476DDDA-B56E-4826-9DF8-97BFECA186E7}.Ad-Hoc|x64.ActiveCfg = Release|Any CPU
		{D476DDDA-B56E-4826-9DF8-97BFECA186E7}.Ad-Hoc|x64.Build.0 = Release|Any CPU
		{D476DDDA-B56E-4826-9DF8-97BFECA186E7}.Ad-Hoc|x86.ActiveCfg = Release|Any CPU
		{D476DDDA-B56E-4826-9DF8-97BFECA186E7}.Ad-Hoc|x86.Build.0 = Release|Any CPU
		{D476DDDA-B56E-4826-9DF8-97BFECA186E7}.AppStore|Any CPU.ActiveCfg = Release|Any CPU
		{D476DDDA-B56E-4826-9DF8-97BFECA186E7}.AppStore|Any CPU.Build.0 = Release|Any CPU
		{D476DDDA-B56E-4826-9DF8-97BFECA186E7}.AppStore|ARM.ActiveCfg = Release|Any CPU
		{D476DDDA-B56E-4826-9DF8-97BFECA186E7}.AppStore|ARM.Build.0 = Release|Any CPU
		{D476DDDA-B56E-4826-9DF8-97BFECA186E7}.AppStore|iPhone.ActiveCfg = Release|Any CPU
		{D476DDDA-B56E-4826-9DF8-97BFECA186E7}.AppStore|iPhone.Build.0 = Release|Any CPU
		{D476DDDA-B56E-4826-9DF8-97BFECA186E7}.AppStore|iPhoneSimulator.ActiveCfg = Release|Any CPU
		{D476DDDA-B56E-4826-9DF8-97BFECA186E7}.AppStore|iPhoneSimulator.Build.0 = Release|Any CPU
		{D476DDDA-B56E-4826-9DF8-97BFECA186E7}.AppStore|x64.ActiveCfg = Release|Any CPU
		{D476DDDA-B56E-4826-9DF8-97BFECA186E7}.AppStore|x64.Build.0 = Release|Any CPU
		{D476DDDA-B56E-4826-9DF8-97BFECA186E7}.AppStore|x86.ActiveCfg = Release|Any CPU
		{D476DDDA-B56E-4826-9DF8-97BFECA186E7}.AppStore|x86.Build.0 = Release|Any CPU
		{D476DDDA-B56E-4826-9DF8-97BFECA186E7}.Debug|Any CPU.ActiveCfg = Debug|Any CPU
		{D476DDDA-B56E-4826-9DF8-97BFECA186E7}.Debug|Any CPU.Build.0 = Debug|Any CPU
		{D476DDDA-B56E-4826-9DF8-97BFECA186E7}.Debug|ARM.ActiveCfg = Debug|Any CPU
		{D476DDDA-B56E-4826-9DF8-97BFECA186E7}.Debug|ARM.Build.0 = Debug|Any CPU
		{D476DDDA-B56E-4826-9DF8-97BFECA186E7}.Debug|iPhone.ActiveCfg = Debug|Any CPU
		{D476DDDA-B56E-4826-9DF8-97BFECA186E7}.Debug|iPhone.Build.0 = Debug|Any CPU
		{D476DDDA-B56E-4826-9DF8-97BFECA186E7}.Debug|iPhoneSimulator.ActiveCfg = Debug|Any CPU
		{D476DDDA-B56E-4826-9DF8-97BFECA186E7}.Debug|iPhoneSimulator.Build.0 = Debug|Any CPU
		{D476DDDA-B56E-4826-9DF8-97BFECA186E7}.Debug|x64.ActiveCfg = Debug|Any CPU
		{D476DDDA-B56E-4826-9DF8-97BFECA186E7}.Debug|x64.Build.0 = Debug|Any CPU
		{D476DDDA-B56E-4826-9DF8-97BFECA186E7}.Debug|x86.ActiveCfg = Debug|Any CPU
		{D476DDDA-B56E-4826-9DF8-97BFECA186E7}.Debug|x86.Build.0 = Debug|Any CPU
		{D476DDDA-B56E-4826-9DF8-97BFECA186E7}.Release|Any CPU.ActiveCfg = Release|Any CPU
		{D476DDDA-B56E-4826-9DF8-97BFECA186E7}.Release|Any CPU.Build.0 = Release|Any CPU
		{D476DDDA-B56E-4826-9DF8-97BFECA186E7}.Release|ARM.ActiveCfg = Release|Any CPU
		{D476DDDA-B56E-4826-9DF8-97BFECA186E7}.Release|ARM.Build.0 = Release|Any CPU
		{D476DDDA-B56E-4826-9DF8-97BFECA186E7}.Release|iPhone.ActiveCfg = Release|Any CPU
		{D476DDDA-B56E-4826-9DF8-97BFECA186E7}.Release|iPhone.Build.0 = Release|Any CPU
		{D476DDDA-B56E-4826-9DF8-97BFECA186E7}.Release|iPhoneSimulator.ActiveCfg = Release|Any CPU
		{D476DDDA-B56E-4826-9DF8-97BFECA186E7}.Release|iPhoneSimulator.Build.0 = Release|Any CPU
		{D476DDDA-B56E-4826-9DF8-97BFECA186E7}.Release|x64.ActiveCfg = Release|Any CPU
		{D476DDDA-B56E-4826-9DF8-97BFECA186E7}.Release|x64.Build.0 = Release|Any CPU
		{D476DDDA-B56E-4826-9DF8-97BFECA186E7}.Release|x86.ActiveCfg = Release|Any CPU
		{D476DDDA-B56E-4826-9DF8-97BFECA186E7}.Release|x86.Build.0 = Release|Any CPU
	EndGlobalSection
	GlobalSection(SolutionProperties) = preSolution
		HideSolutionNode = FALSE
	EndGlobalSection
	GlobalSection(NestedProjects) = preSolution
		{03FFA50B-B832-47B8-BDA9-2017FD60AEF2} = {9D7B44A6-B4DC-4ECA-A336-41A7BAADBF95}
		{3BC50E02-B20C-425B-B0E1-A9004193AB8F} = {9D7B44A6-B4DC-4ECA-A336-41A7BAADBF95}
		{77A7124C-8B30-43FF-A4D2-864F866F18D1} = {9D7B44A6-B4DC-4ECA-A336-41A7BAADBF95}
		{67F9D3A8-F71E-4428-913F-C37AE82CDB24} = {9D7B44A6-B4DC-4ECA-A336-41A7BAADBF95}
	EndGlobalSection
EndGlobal
