
Microsoft Visual Studio Solution File, Format Version 12.00
# Visual Studio 14
VisualStudioVersion = 14.0.25420.1
MinimumVisualStudioVersion = 10.0.40219.1
Project("{FAE04EC0-301F-11D3-BF4B-00C04F79EFBC}") = "EWiki.Core.Entities", "EWiki.Core.Entities\EWiki.Core.Entities.csproj", "{8D348834-602C-460B-9EF2-1F890225DC59}"
EndProject
Project("{FAE04EC0-301F-11D3-BF4B-00C04F79EFBC}") = "EWiki.Core.DataAccess", "EWiki.Core.DataAccess\EWiki.Core.DataAccess.csproj", "{E0D9FEC1-176B-44C0-A3AC-3662581585AF}"
EndProject
Project("{FAE04EC0-301F-11D3-BF4B-00C04F79EFBC}") = "EWiki.Test.UnitTest", "EWiki.Core.UnitTest\EWiki.Test.UnitTest.csproj", "{CB84A537-C8CE-4E69-8FE5-2F5C59F34AD2}"
EndProject
Project("{FAE04EC0-301F-11D3-BF4B-00C04F79EFBC}") = "EWiki.XF", "EWiki.XF\EWiki.XF\EWiki.XF.csproj", "{03FFA50B-B832-47B8-BDA9-2017FD60AEF2}"
EndProject
Project("{FAE04EC0-301F-11D3-BF4B-00C04F79EFBC}") = "EWiki.XF.Droid", "EWiki.XF\EWiki.XF.Droid\EWiki.XF.Droid.csproj", "{3BC50E02-B20C-425B-B0E1-A9004193AB8F}"
EndProject
Project("{FAE04EC0-301F-11D3-BF4B-00C04F79EFBC}") = "EWiki.XF.iOS", "EWiki.XF\EWiki.XF.iOS\EWiki.XF.iOS.csproj", "{77A7124C-8B30-43FF-A4D2-864F866F18D1}"
EndProject
Project("{2150E333-8FDC-42A3-9474-1A3956D46DE8}") = "XF", "XF", "{9D7B44A6-B4DC-4ECA-A336-41A7BAADBF95}"
EndProject
Project("{FAE04EC0-301F-11D3-BF4B-00C04F79EFBC}") = "EWiki.XF.Service", "EWiki.XF.Service\EWiki.XF.Service.csproj", "{67F9D3A8-F71E-4428-913F-C37AE82CDB24}"
EndProject
Project("{FAE04EC0-301F-11D3-BF4B-00C04F79EFBC}") = "EWiki.Api", "EWiki.Api\EWiki.Api.csproj", "{DDFECFB7-80C8-48B9-8DB7-5EC3663947F8}"
EndProject
Global
	GlobalSection(SolutionConfigurationPlatforms) = preSolution
		Ad-Hoc|Any CPU = Ad-Hoc|Any CPU
		Ad-Hoc|ARM = Ad-Hoc|ARM
		Ad-Hoc|iPhone = Ad-Hoc|iPhone
		Ad-Hoc|iPhoneSimulator = Ad-Hoc|iPhoneSimulator
		Ad-Hoc|x64 = Ad-Hoc|x64
		Ad-Hoc|x86 = Ad-Hoc|x86
		AppStore|Any CPU = AppStore|Any CPU
		AppStore|ARM = AppStore|ARM
		AppStore|iPhone = AppStore|iPhone
		AppStore|iPhoneSimulator = AppStore|iPhoneSimulator
		AppStore|x64 = AppStore|x64
		AppStore|x86 = AppStore|x86
		Debug|Any CPU = Debug|Any CPU
		Debug|ARM = Debug|ARM
		Debug|iPhone = Debug|iPhone
		Debug|iPhoneSimulator = Debug|iPhoneSimulator
		Debug|x64 = Debug|x64
		Debug|x86 = Debug|x86
		Release|Any CPU = Release|Any CPU
		Release|ARM = Release|ARM
		Release|iPhone = Release|iPhone
		Release|iPhoneSimulator = Release|iPhoneSimulator
		Release|x64 = Release|x64
		Release|x86 = Release|x86
	EndGlobalSection
	GlobalSection(ProjectConfigurationPlatforms) = postSolution
		{8D348834-602C-460B-9EF2-1F890225DC59}.Ad-Hoc|Any CPU.ActiveCfg = Release|Any CPU
		{8D348834-602C-460B-9EF2-1F890225DC59}.Ad-Hoc|Any CPU.Build.0 = Release|Any CPU
		{8D348834-602C-460B-9EF2-1F890225DC59}.Ad-Hoc|ARM.ActiveCfg = Release|Any CPU
		{8D348834-602C-460B-9EF2-1F890225DC59}.Ad-Hoc|ARM.Build.0 = Release|Any CPU
		{8D348834-602C-460B-9EF2-1F890225DC59}.Ad-Hoc|iPhone.ActiveCfg = Release|Any CPU
		{8D348834-602C-460B-9EF2-1F890225DC59}.Ad-Hoc|iPhone.Build.0 = Release|Any CPU
		{8D348834-602C-460B-9EF2-1F890225DC59}.Ad-Hoc|iPhoneSimulator.ActiveCfg = Release|Any CPU
		{8D348834-602C-460B-9EF2-1F890225DC59}.Ad-Hoc|iPhoneSimulator.Build.0 = Release|Any CPU
		{8D348834-602C-460B-9EF2-1F890225DC59}.Ad-Hoc|x64.ActiveCfg = Release|Any CPU
		{8D348834-602C-460B-9EF2-1F890225DC59}.Ad-Hoc|x64.Build.0 = Release|Any CPU
		{8D348834-602C-460B-9EF2-1F890225DC59}.Ad-Hoc|x86.ActiveCfg = Release|Any CPU
		{8D348834-602C-460B-9EF2-1F890225DC59}.Ad-Hoc|x86.Build.0 = Release|Any CPU
		{8D348834-602C-460B-9EF2-1F890225DC59}.AppStore|Any CPU.ActiveCfg = Release|Any CPU
		{8D348834-602C-460B-9EF2-1F890225DC59}.AppStore|Any CPU.Build.0 = Release|Any CPU
		{8D348834-602C-460B-9EF2-1F890225DC59}.AppStore|ARM.ActiveCfg = Release|Any CPU
		{8D348834-602C-460B-9EF2-1F890225DC59}.AppStore|ARM.Build.0 = Release|Any CPU
		{8D348834-602C-460B-9EF2-1F890225DC59}.AppStore|iPhone.ActiveCfg = Release|Any CPU
		{8D348834-602C-460B-9EF2-1F890225DC59}.AppStore|iPhone.Build.0 = Release|Any CPU
		{8D348834-602C-460B-9EF2-1F890225DC59}.AppStore|iPhoneSimulator.ActiveCfg = Release|Any CPU
		{8D348834-602C-460B-9EF2-1F890225DC59}.AppStore|iPhoneSimulator.Build.0 = Release|Any CPU
		{8D348834-602C-460B-9EF2-1F890225DC59}.AppStore|x64.ActiveCfg = Release|Any CPU
		{8D348834-602C-460B-9EF2-1F890225DC59}.AppStore|x64.Build.0 = Release|Any CPU
		{8D348834-602C-460B-9EF2-1F890225DC59}.AppStore|x86.ActiveCfg = Release|Any CPU
		{8D348834-602C-460B-9EF2-1F890225DC59}.AppStore|x86.Build.0 = Release|Any CPU
		{8D348834-602C-460B-9EF2-1F890225DC59}.Debug|Any CPU.ActiveCfg = Debug|Any CPU
		{8D348834-602C-460B-9EF2-1F890225DC59}.Debug|Any CPU.Build.0 = Debug|Any CPU
		{8D348834-602C-460B-9EF2-1F890225DC59}.Debug|ARM.ActiveCfg = Debug|Any CPU
		{8D348834-602C-460B-9EF2-1F890225DC59}.Debug|ARM.Build.0 = Debug|Any CPU
		{8D348834-602C-460B-9EF2-1F890225DC59}.Debug|iPhone.ActiveCfg = Debug|Any CPU
		{8D348834-602C-460B-9EF2-1F890225DC59}.Debug|iPhone.Build.0 = Debug|Any CPU
		{8D348834-602C-460B-9EF2-1F890225DC59}.Debug|iPhoneSimulator.ActiveCfg = Debug|Any CPU
		{8D348834-602C-460B-9EF2-1F890225DC59}.Debug|iPhoneSimulator.Build.0 = Debug|Any CPU
		{8D348834-602C-460B-9EF2-1F890225DC59}.Debug|x64.ActiveCfg = Debug|Any CPU
		{8D348834-602C-460B-9EF2-1F890225DC59}.Debug|x64.Build.0 = Debug|Any CPU
		{8D348834-602C-460B-9EF2-1F890225DC59}.Debug|x86.ActiveCfg = Debug|Any CPU
		{8D348834-602C-460B-9EF2-1F890225DC59}.Debug|x86.Build.0 = Debug|Any CPU
		{8D348834-602C-460B-9EF2-1F890225DC59}.Release|Any CPU.ActiveCfg = Release|Any CPU
		{8D348834-602C-460B-9EF2-1F890225DC59}.Release|Any CPU.Build.0 = Release|Any CPU
		{8D348834-602C-460B-9EF2-1F890225DC59}.Release|ARM.ActiveCfg = Release|Any CPU
		{8D348834-602C-460B-9EF2-1F890225DC59}.Release|ARM.Build.0 = Release|Any CPU
		{8D348834-602C-460B-9EF2-1F890225DC59}.Release|iPhone.ActiveCfg = Release|Any CPU
		{8D348834-602C-460B-9EF2-1F890225DC59}.Release|iPhone.Build.0 = Release|Any CPU
		{8D348834-602C-460B-9EF2-1F890225DC59}.Release|iPhoneSimulator.ActiveCfg = Release|Any CPU
		{8D348834-602C-460B-9EF2-1F890225DC59}.Release|iPhoneSimulator.Build.0 = Release|Any CPU
		{8D348834-602C-460B-9EF2-1F890225DC59}.Release|x64.ActiveCfg = Release|Any CPU
		{8D348834-602C-460B-9EF2-1F890225DC59}.Release|x64.Build.0 = Release|Any CPU
		{8D348834-602C-460B-9EF2-1F890225DC59}.Release|x86.ActiveCfg = Release|Any CPU
		{8D348834-602C-460B-9EF2-1F890225DC59}.Release|x86.Build.0 = Release|Any CPU
		{E0D9FEC1-176B-44C0-A3AC-3662581585AF}.Ad-Hoc|Any CPU.ActiveCfg = Release|Any CPU
		{E0D9FEC1-176B-44C0-A3AC-3662581585AF}.Ad-Hoc|Any CPU.Build.0 = Release|Any CPU
		{E0D9FEC1-176B-44C0-A3AC-3662581585AF}.Ad-Hoc|ARM.ActiveCfg = Release|Any CPU
		{E0D9FEC1-176B-44C0-A3AC-3662581585AF}.Ad-Hoc|ARM.Build.0 = Release|Any CPU
		{E0D9FEC1-176B-44C0-A3AC-3662581585AF}.Ad-Hoc|iPhone.ActiveCfg = Release|Any CPU
		{E0D9FEC1-176B-44C0-A3AC-3662581585AF}.Ad-Hoc|iPhone.Build.0 = Release|Any CPU
		{E0D9FEC1-176B-44C0-A3AC-3662581585AF}.Ad-Hoc|iPhoneSimulator.ActiveCfg = Release|Any CPU
		{E0D9FEC1-176B-44C0-A3AC-3662581585AF}.Ad-Hoc|iPhoneSimulator.Build.0 = Release|Any CPU
		{E0D9FEC1-176B-44C0-A3AC-3662581585AF}.Ad-Hoc|x64.ActiveCfg = Release|Any CPU
		{E0D9FEC1-176B-44C0-A3AC-3662581585AF}.Ad-Hoc|x64.Build.0 = Release|Any CPU
		{E0D9FEC1-176B-44C0-A3AC-3662581585AF}.Ad-Hoc|x86.ActiveCfg = Release|Any CPU
		{E0D9FEC1-176B-44C0-A3AC-3662581585AF}.Ad-Hoc|x86.Build.0 = Release|Any CPU
		{E0D9FEC1-176B-44C0-A3AC-3662581585AF}.AppStore|Any CPU.ActiveCfg = Release|Any CPU
		{E0D9FEC1-176B-44C0-A3AC-3662581585AF}.AppStore|Any CPU.Build.0 = Release|Any CPU
		{E0D9FEC1-176B-44C0-A3AC-3662581585AF}.AppStore|ARM.ActiveCfg = Release|Any CPU
		{E0D9FEC1-176B-44C0-A3AC-3662581585AF}.AppStore|ARM.Build.0 = Release|Any CPU
		{E0D9FEC1-176B-44C0-A3AC-3662581585AF}.AppStore|iPhone.ActiveCfg = Release|Any CPU
		{E0D9FEC1-176B-44C0-A3AC-3662581585AF}.AppStore|iPhone.Build.0 = Release|Any CPU
		{E0D9FEC1-176B-44C0-A3AC-3662581585AF}.AppStore|iPhoneSimulator.ActiveCfg = Release|Any CPU
		{E0D9FEC1-176B-44C0-A3AC-3662581585AF}.AppStore|iPhoneSimulator.Build.0 = Release|Any CPU
		{E0D9FEC1-176B-44C0-A3AC-3662581585AF}.AppStore|x64.ActiveCfg = Release|Any CPU
		{E0D9FEC1-176B-44C0-A3AC-3662581585AF}.AppStore|x64.Build.0 = Release|Any CPU
		{E0D9FEC1-176B-44C0-A3AC-3662581585AF}.AppStore|x86.ActiveCfg = Release|Any CPU
		{E0D9FEC1-176B-44C0-A3AC-3662581585AF}.AppStore|x86.Build.0 = Release|Any CPU
		{E0D9FEC1-176B-44C0-A3AC-3662581585AF}.Debug|Any CPU.ActiveCfg = Debug|Any CPU
		{E0D9FEC1-176B-44C0-A3AC-3662581585AF}.Debug|Any CPU.Build.0 = Debug|Any CPU
		{E0D9FEC1-176B-44C0-A3AC-3662581585AF}.Debug|ARM.ActiveCfg = Debug|Any CPU
		{E0D9FEC1-176B-44C0-A3AC-3662581585AF}.Debug|ARM.Build.0 = Debug|Any CPU
		{E0D9FEC1-176B-44C0-A3AC-3662581585AF}.Debug|iPhone.ActiveCfg = Debug|Any CPU
		{E0D9FEC1-176B-44C0-A3AC-3662581585AF}.Debug|iPhone.Build.0 = Debug|Any CPU
		{E0D9FEC1-176B-44C0-A3AC-3662581585AF}.Debug|iPhoneSimulator.ActiveCfg = Debug|Any CPU
		{E0D9FEC1-176B-44C0-A3AC-3662581585AF}.Debug|iPhoneSimulator.Build.0 = Debug|Any CPU
		{E0D9FEC1-176B-44C0-A3AC-3662581585AF}.Debug|x64.ActiveCfg = Debug|Any CPU
		{E0D9FEC1-176B-44C0-A3AC-3662581585AF}.Debug|x64.Build.0 = Debug|Any CPU
		{E0D9FEC1-176B-44C0-A3AC-3662581585AF}.Debug|x86.ActiveCfg = Debug|Any CPU
		{E0D9FEC1-176B-44C0-A3AC-3662581585AF}.Debug|x86.Build.0 = Debug|Any CPU
		{E0D9FEC1-176B-44C0-A3AC-3662581585AF}.Release|Any CPU.ActiveCfg = Release|Any CPU
		{E0D9FEC1-176B-44C0-A3AC-3662581585AF}.Release|Any CPU.Build.0 = Release|Any CPU
		{E0D9FEC1-176B-44C0-A3AC-3662581585AF}.Release|ARM.ActiveCfg = Release|Any CPU
		{E0D9FEC1-176B-44C0-A3AC-3662581585AF}.Release|ARM.Build.0 = Release|Any CPU
		{E0D9FEC1-176B-44C0-A3AC-3662581585AF}.Release|iPhone.ActiveCfg = Release|Any CPU
		{E0D9FEC1-176B-44C0-A3AC-3662581585AF}.Release|iPhone.Build.0 = Release|Any CPU
		{E0D9FEC1-176B-44C0-A3AC-3662581585AF}.Release|iPhoneSimulator.ActiveCfg = Release|Any CPU
		{E0D9FEC1-176B-44C0-A3AC-3662581585AF}.Release|iPhoneSimulator.Build.0 = Release|Any CPU
		{E0D9FEC1-176B-44C0-A3AC-3662581585AF}.Release|x64.ActiveCfg = Release|Any CPU
		{E0D9FEC1-176B-44C0-A3AC-3662581585AF}.Release|x64.Build.0 = Release|Any CPU
		{E0D9FEC1-176B-44C0-A3AC-3662581585AF}.Release|x86.ActiveCfg = Release|Any CPU
		{E0D9FEC1-176B-44C0-A3AC-3662581585AF}.Release|x86.Build.0 = Release|Any CPU
		{CB84A537-C8CE-4E69-8FE5-2F5C59F34AD2}.Ad-Hoc|Any CPU.ActiveCfg = Release|Any CPU
		{CB84A537-C8CE-4E69-8FE5-2F5C59F34AD2}.Ad-Hoc|Any CPU.Build.0 = Release|Any CPU
		{CB84A537-C8CE-4E69-8FE5-2F5C59F34AD2}.Ad-Hoc|ARM.ActiveCfg = Release|Any CPU
		{CB84A537-C8CE-4E69-8FE5-2F5C59F34AD2}.Ad-Hoc|ARM.Build.0 = Release|Any CPU
		{CB84A537-C8CE-4E69-8FE5-2F5C59F34AD2}.Ad-Hoc|iPhone.ActiveCfg = Release|Any CPU
		{CB84A537-C8CE-4E69-8FE5-2F5C59F34AD2}.Ad-Hoc|iPhone.Build.0 = Release|Any CPU
		{CB84A537-C8CE-4E69-8FE5-2F5C59F34AD2}.Ad-Hoc|iPhoneSimulator.ActiveCfg = Release|Any CPU
		{CB84A537-C8CE-4E69-8FE5-2F5C59F34AD2}.Ad-Hoc|iPhoneSimulator.Build.0 = Release|Any CPU
		{CB84A537-C8CE-4E69-8FE5-2F5C59F34AD2}.Ad-Hoc|x64.ActiveCfg = Release|Any CPU
		{CB84A537-C8CE-4E69-8FE5-2F5C59F34AD2}.Ad-Hoc|x64.Build.0 = Release|Any CPU
		{CB84A537-C8CE-4E69-8FE5-2F5C59F34AD2}.Ad-Hoc|x86.ActiveCfg = Release|Any CPU
		{CB84A537-C8CE-4E69-8FE5-2F5C59F34AD2}.Ad-Hoc|x86.Build.0 = Release|Any CPU
		{CB84A537-C8CE-4E69-8FE5-2F5C59F34AD2}.AppStore|Any CPU.ActiveCfg = Release|Any CPU
		{CB84A537-C8CE-4E69-8FE5-2F5C59F34AD2}.AppStore|Any CPU.Build.0 = Release|Any CPU
		{CB84A537-C8CE-4E69-8FE5-2F5C59F34AD2}.AppStore|ARM.ActiveCfg = Release|Any CPU
		{CB84A537-C8CE-4E69-8FE5-2F5C59F34AD2}.AppStore|ARM.Build.0 = Release|Any CPU
		{CB84A537-C8CE-4E69-8FE5-2F5C59F34AD2}.AppStore|iPhone.ActiveCfg = Release|Any CPU
		{CB84A537-C8CE-4E69-8FE5-2F5C59F34AD2}.AppStore|iPhone.Build.0 = Release|Any CPU
		{CB84A537-C8CE-4E69-8FE5-2F5C59F34AD2}.AppStore|iPhoneSimulator.ActiveCfg = Release|Any CPU
		{CB84A537-C8CE-4E69-8FE5-2F5C59F34AD2}.AppStore|iPhoneSimulator.Build.0 = Release|Any CPU
		{CB84A537-C8CE-4E69-8FE5-2F5C59F34AD2}.AppStore|x64.ActiveCfg = Release|Any CPU
		{CB84A537-C8CE-4E69-8FE5-2F5C59F34AD2}.AppStore|x64.Build.0 = Release|Any CPU
		{CB84A537-C8CE-4E69-8FE5-2F5C59F34AD2}.AppStore|x86.ActiveCfg = Release|Any CPU
		{CB84A537-C8CE-4E69-8FE5-2F5C59F34AD2}.AppStore|x86.Build.0 = Release|Any CPU
		{CB84A537-C8CE-4E69-8FE5-2F5C59F34AD2}.Debug|Any CPU.ActiveCfg = Debug|Any CPU
		{CB84A537-C8CE-4E69-8FE5-2F5C59F34AD2}.Debug|Any CPU.Build.0 = Debug|Any CPU
		{CB84A537-C8CE-4E69-8FE5-2F5C59F34AD2}.Debug|ARM.ActiveCfg = Debug|Any CPU
		{CB84A537-C8CE-4E69-8FE5-2F5C59F34AD2}.Debug|ARM.Build.0 = Debug|Any CPU
		{CB84A537-C8CE-4E69-8FE5-2F5C59F34AD2}.Debug|iPhone.ActiveCfg = Debug|Any CPU
		{CB84A537-C8CE-4E69-8FE5-2F5C59F34AD2}.Debug|iPhone.Build.0 = Debug|Any CPU
		{CB84A537-C8CE-4E69-8FE5-2F5C59F34AD2}.Debug|iPhoneSimulator.ActiveCfg = Debug|Any CPU
		{CB84A537-C8CE-4E69-8FE5-2F5C59F34AD2}.Debug|iPhoneSimulator.Build.0 = Debug|Any CPU
		{CB84A537-C8CE-4E69-8FE5-2F5C59F34AD2}.Debug|x64.ActiveCfg = Debug|Any CPU
		{CB84A537-C8CE-4E69-8FE5-2F5C59F34AD2}.Debug|x64.Build.0 = Debug|Any CPU
		{CB84A537-C8CE-4E69-8FE5-2F5C59F34AD2}.Debug|x86.ActiveCfg = Debug|Any CPU
		{CB84A537-C8CE-4E69-8FE5-2F5C59F34AD2}.Debug|x86.Build.0 = Debug|Any CPU
		{CB84A537-C8CE-4E69-8FE5-2F5C59F34AD2}.Release|Any CPU.ActiveCfg = Release|Any CPU
		{CB84A537-C8CE-4E69-8FE5-2F5C59F34AD2}.Release|Any CPU.Build.0 = Release|Any CPU
		{CB84A537-C8CE-4E69-8FE5-2F5C59F34AD2}.Release|ARM.ActiveCfg = Release|Any CPU
		{CB84A537-C8CE-4E69-8FE5-2F5C59F34AD2}.Release|ARM.Build.0 = Release|Any CPU
		{CB84A537-C8CE-4E69-8FE5-2F5C59F34AD2}.Release|iPhone.ActiveCfg = Release|Any CPU
		{CB84A537-C8CE-4E69-8FE5-2F5C59F34AD2}.Release|iPhone.Build.0 = Release|Any CPU
		{CB84A537-C8CE-4E69-8FE5-2F5C59F34AD2}.Release|iPhoneSimulator.ActiveCfg = Release|Any CPU
		{CB84A537-C8CE-4E69-8FE5-2F5C59F34AD2}.Release|iPhoneSimulator.Build.0 = Release|Any CPU
		{CB84A537-C8CE-4E69-8FE5-2F5C59F34AD2}.Release|x64.ActiveCfg = Release|Any CPU
		{CB84A537-C8CE-4E69-8FE5-2F5C59F34AD2}.Release|x64.Build.0 = Release|Any CPU
		{CB84A537-C8CE-4E69-8FE5-2F5C59F34AD2}.Release|x86.ActiveCfg = Release|Any CPU
		{CB84A537-C8CE-4E69-8FE5-2F5C59F34AD2}.Release|x86.Build.0 = Release|Any CPU
		{03FFA50B-B832-47B8-BDA9-2017FD60AEF2}.Ad-Hoc|Any CPU.ActiveCfg = Release|Any CPU
		{03FFA50B-B832-47B8-BDA9-2017FD60AEF2}.Ad-Hoc|Any CPU.Build.0 = Release|Any CPU
		{03FFA50B-B832-47B8-BDA9-2017FD60AEF2}.Ad-Hoc|ARM.ActiveCfg = Release|Any CPU
		{03FFA50B-B832-47B8-BDA9-2017FD60AEF2}.Ad-Hoc|ARM.Build.0 = Release|Any CPU
		{03FFA50B-B832-47B8-BDA9-2017FD60AEF2}.Ad-Hoc|iPhone.ActiveCfg = Release|Any CPU
		{03FFA50B-B832-47B8-BDA9-2017FD60AEF2}.Ad-Hoc|iPhone.Build.0 = Release|Any CPU
		{03FFA50B-B832-47B8-BDA9-2017FD60AEF2}.Ad-Hoc|iPhoneSimulator.ActiveCfg = Release|Any CPU
		{03FFA50B-B832-47B8-BDA9-2017FD60AEF2}.Ad-Hoc|iPhoneSimulator.Build.0 = Release|Any CPU
		{03FFA50B-B832-47B8-BDA9-2017FD60AEF2}.Ad-Hoc|x64.ActiveCfg = Release|Any CPU
		{03FFA50B-B832-47B8-BDA9-2017FD60AEF2}.Ad-Hoc|x64.Build.0 = Release|Any CPU
		{03FFA50B-B832-47B8-BDA9-2017FD60AEF2}.Ad-Hoc|x86.ActiveCfg = Release|Any CPU
		{03FFA50B-B832-47B8-BDA9-2017FD60AEF2}.Ad-Hoc|x86.Build.0 = Release|Any CPU
		{03FFA50B-B832-47B8-BDA9-2017FD60AEF2}.AppStore|Any CPU.ActiveCfg = Release|Any CPU
		{03FFA50B-B832-47B8-BDA9-2017FD60AEF2}.AppStore|Any CPU.Build.0 = Release|Any CPU
		{03FFA50B-B832-47B8-BDA9-2017FD60AEF2}.AppStore|ARM.ActiveCfg = Release|Any CPU
		{03FFA50B-B832-47B8-BDA9-2017FD60AEF2}.AppStore|ARM.Build.0 = Release|Any CPU
		{03FFA50B-B832-47B8-BDA9-2017FD60AEF2}.AppStore|iPhone.ActiveCfg = Release|Any CPU
		{03FFA50B-B832-47B8-BDA9-2017FD60AEF2}.AppStore|iPhone.Build.0 = Release|Any CPU
		{03FFA50B-B832-47B8-BDA9-2017FD60AEF2}.AppStore|iPhoneSimulator.ActiveCfg = Release|Any CPU
		{03FFA50B-B832-47B8-BDA9-2017FD60AEF2}.AppStore|iPhoneSimulator.Build.0 = Release|Any CPU
		{03FFA50B-B832-47B8-BDA9-2017FD60AEF2}.AppStore|x64.ActiveCfg = Release|Any CPU
		{03FFA50B-B832-47B8-BDA9-2017FD60AEF2}.AppStore|x64.Build.0 = Release|Any CPU
		{03FFA50B-B832-47B8-BDA9-2017FD60AEF2}.AppStore|x86.ActiveCfg = Release|Any CPU
		{03FFA50B-B832-47B8-BDA9-2017FD60AEF2}.AppStore|x86.Build.0 = Release|Any CPU
		{03FFA50B-B832-47B8-BDA9-2017FD60AEF2}.Debug|Any CPU.ActiveCfg = Debug|Any CPU
		{03FFA50B-B832-47B8-BDA9-2017FD60AEF2}.Debug|Any CPU.Build.0 = Debug|Any CPU
		{03FFA50B-B832-47B8-BDA9-2017FD60AEF2}.Debug|ARM.ActiveCfg = Debug|Any CPU
		{03FFA50B-B832-47B8-BDA9-2017FD60AEF2}.Debug|ARM.Build.0 = Debug|Any CPU
		{03FFA50B-B832-47B8-BDA9-2017FD60AEF2}.Debug|iPhone.ActiveCfg = Debug|Any CPU
		{03FFA50B-B832-47B8-BDA9-2017FD60AEF2}.Debug|iPhone.Build.0 = Debug|Any CPU
		{03FFA50B-B832-47B8-BDA9-2017FD60AEF2}.Debug|iPhoneSimulator.ActiveCfg = Debug|Any CPU
		{03FFA50B-B832-47B8-BDA9-2017FD60AEF2}.Debug|iPhoneSimulator.Build.0 = Debug|Any CPU
		{03FFA50B-B832-47B8-BDA9-2017FD60AEF2}.Debug|x64.ActiveCfg = Debug|Any CPU
		{03FFA50B-B832-47B8-BDA9-2017FD60AEF2}.Debug|x64.Build.0 = Debug|Any CPU
		{03FFA50B-B832-47B8-BDA9-2017FD60AEF2}.Debug|x86.ActiveCfg = Debug|Any CPU
		{03FFA50B-B832-47B8-BDA9-2017FD60AEF2}.Debug|x86.Build.0 = Debug|Any CPU
		{03FFA50B-B832-47B8-BDA9-2017FD60AEF2}.Release|Any CPU.ActiveCfg = Release|Any CPU
		{03FFA50B-B832-47B8-BDA9-2017FD60AEF2}.Release|Any CPU.Build.0 = Release|Any CPU
		{03FFA50B-B832-47B8-BDA9-2017FD60AEF2}.Release|ARM.ActiveCfg = Release|Any CPU
		{03FFA50B-B832-47B8-BDA9-2017FD60AEF2}.Release|ARM.Build.0 = Release|Any CPU
		{03FFA50B-B832-47B8-BDA9-2017FD60AEF2}.Release|iPhone.ActiveCfg = Release|Any CPU
		{03FFA50B-B832-47B8-BDA9-2017FD60AEF2}.Release|iPhone.Build.0 = Release|Any CPU
		{03FFA50B-B832-47B8-BDA9-2017FD60AEF2}.Release|iPhoneSimulator.ActiveCfg = Release|Any CPU
		{03FFA50B-B832-47B8-BDA9-2017FD60AEF2}.Release|iPhoneSimulator.Build.0 = Release|Any CPU
		{03FFA50B-B832-47B8-BDA9-2017FD60AEF2}.Release|x64.ActiveCfg = Release|Any CPU
		{03FFA50B-B832-47B8-BDA9-2017FD60AEF2}.Release|x64.Build.0 = Release|Any CPU
		{03FFA50B-B832-47B8-BDA9-2017FD60AEF2}.Release|x86.ActiveCfg = Release|Any CPU
		{03FFA50B-B832-47B8-BDA9-2017FD60AEF2}.Release|x86.Build.0 = Release|Any CPU
		{3BC50E02-B20C-425B-B0E1-A9004193AB8F}.Ad-Hoc|Any CPU.ActiveCfg = Release|Any CPU
		{3BC50E02-B20C-425B-B0E1-A9004193AB8F}.Ad-Hoc|Any CPU.Build.0 = Release|Any CPU
		{3BC50E02-B20C-425B-B0E1-A9004193AB8F}.Ad-Hoc|Any CPU.Deploy.0 = Release|Any CPU
		{3BC50E02-B20C-425B-B0E1-A9004193AB8F}.Ad-Hoc|ARM.ActiveCfg = Release|Any CPU
		{3BC50E02-B20C-425B-B0E1-A9004193AB8F}.Ad-Hoc|ARM.Build.0 = Release|Any CPU
		{3BC50E02-B20C-425B-B0E1-A9004193AB8F}.Ad-Hoc|ARM.Deploy.0 = Release|Any CPU
		{3BC50E02-B20C-425B-B0E1-A9004193AB8F}.Ad-Hoc|iPhone.ActiveCfg = Release|Any CPU
		{3BC50E02-B20C-425B-B0E1-A9004193AB8F}.Ad-Hoc|iPhone.Build.0 = Release|Any CPU
		{3BC50E02-B20C-425B-B0E1-A9004193AB8F}.Ad-Hoc|iPhone.Deploy.0 = Release|Any CPU
		{3BC50E02-B20C-425B-B0E1-A9004193AB8F}.Ad-Hoc|iPhoneSimulator.ActiveCfg = Release|Any CPU
		{3BC50E02-B20C-425B-B0E1-A9004193AB8F}.Ad-Hoc|iPhoneSimulator.Build.0 = Release|Any CPU
		{3BC50E02-B20C-425B-B0E1-A9004193AB8F}.Ad-Hoc|iPhoneSimulator.Deploy.0 = Release|Any CPU
		{3BC50E02-B20C-425B-B0E1-A9004193AB8F}.Ad-Hoc|x64.ActiveCfg = Release|Any CPU
		{3BC50E02-B20C-425B-B0E1-A9004193AB8F}.Ad-Hoc|x64.Build.0 = Release|Any CPU
		{3BC50E02-B20C-425B-B0E1-A9004193AB8F}.Ad-Hoc|x64.Deploy.0 = Release|Any CPU
		{3BC50E02-B20C-425B-B0E1-A9004193AB8F}.Ad-Hoc|x86.ActiveCfg = Release|Any CPU
		{3BC50E02-B20C-425B-B0E1-A9004193AB8F}.Ad-Hoc|x86.Build.0 = Release|Any CPU
		{3BC50E02-B20C-425B-B0E1-A9004193AB8F}.Ad-Hoc|x86.Deploy.0 = Release|Any CPU
		{3BC50E02-B20C-425B-B0E1-A9004193AB8F}.AppStore|Any CPU.ActiveCfg = Release|Any CPU
		{3BC50E02-B20C-425B-B0E1-A9004193AB8F}.AppStore|Any CPU.Build.0 = Release|Any CPU
		{3BC50E02-B20C-425B-B0E1-A9004193AB8F}.AppStore|Any CPU.Deploy.0 = Release|Any CPU
		{3BC50E02-B20C-425B-B0E1-A9004193AB8F}.AppStore|ARM.ActiveCfg = Release|Any CPU
		{3BC50E02-B20C-425B-B0E1-A9004193AB8F}.AppStore|ARM.Build.0 = Release|Any CPU
		{3BC50E02-B20C-425B-B0E1-A9004193AB8F}.AppStore|ARM.Deploy.0 = Release|Any CPU
		{3BC50E02-B20C-425B-B0E1-A9004193AB8F}.AppStore|iPhone.ActiveCfg = Release|Any CPU
		{3BC50E02-B20C-425B-B0E1-A9004193AB8F}.AppStore|iPhone.Build.0 = Release|Any CPU
		{3BC50E02-B20C-425B-B0E1-A9004193AB8F}.AppStore|iPhone.Deploy.0 = Release|Any CPU
		{3BC50E02-B20C-425B-B0E1-A9004193AB8F}.AppStore|iPhoneSimulator.ActiveCfg = Release|Any CPU
		{3BC50E02-B20C-425B-B0E1-A9004193AB8F}.AppStore|iPhoneSimulator.Build.0 = Release|Any CPU
		{3BC50E02-B20C-425B-B0E1-A9004193AB8F}.AppStore|iPhoneSimulator.Deploy.0 = Release|Any CPU
		{3BC50E02-B20C-425B-B0E1-A9004193AB8F}.AppStore|x64.ActiveCfg = Release|Any CPU
		{3BC50E02-B20C-425B-B0E1-A9004193AB8F}.AppStore|x64.Build.0 = Release|Any CPU
		{3BC50E02-B20C-425B-B0E1-A9004193AB8F}.AppStore|x64.Deploy.0 = Release|Any CPU
		{3BC50E02-B20C-425B-B0E1-A9004193AB8F}.AppStore|x86.ActiveCfg = Release|Any CPU
		{3BC50E02-B20C-425B-B0E1-A9004193AB8F}.AppStore|x86.Build.0 = Release|Any CPU
		{3BC50E02-B20C-425B-B0E1-A9004193AB8F}.AppStore|x86.Deploy.0 = Release|Any CPU
		{3BC50E02-B20C-425B-B0E1-A9004193AB8F}.Debug|Any CPU.ActiveCfg = Debug|Any CPU
		{3BC50E02-B20C-425B-B0E1-A9004193AB8F}.Debug|Any CPU.Build.0 = Debug|Any CPU
		{3BC50E02-B20C-425B-B0E1-A9004193AB8F}.Debug|Any CPU.Deploy.0 = Debug|Any CPU
		{3BC50E02-B20C-425B-B0E1-A9004193AB8F}.Debug|ARM.ActiveCfg = Debug|Any CPU
		{3BC50E02-B20C-425B-B0E1-A9004193AB8F}.Debug|ARM.Build.0 = Debug|Any CPU
		{3BC50E02-B20C-425B-B0E1-A9004193AB8F}.Debug|ARM.Deploy.0 = Debug|Any CPU
		{3BC50E02-B20C-425B-B0E1-A9004193AB8F}.Debug|iPhone.ActiveCfg = Debug|Any CPU
		{3BC50E02-B20C-425B-B0E1-A9004193AB8F}.Debug|iPhone.Build.0 = Debug|Any CPU
		{3BC50E02-B20C-425B-B0E1-A9004193AB8F}.Debug|iPhone.Deploy.0 = Debug|Any CPU
		{3BC50E02-B20C-425B-B0E1-A9004193AB8F}.Debug|iPhoneSimulator.ActiveCfg = Debug|Any CPU
		{3BC50E02-B20C-425B-B0E1-A9004193AB8F}.Debug|iPhoneSimulator.Build.0 = Debug|Any CPU
		{3BC50E02-B20C-425B-B0E1-A9004193AB8F}.Debug|iPhoneSimulator.Deploy.0 = Debug|Any CPU
		{3BC50E02-B20C-425B-B0E1-A9004193AB8F}.Debug|x64.ActiveCfg = Debug|Any CPU
		{3BC50E02-B20C-425B-B0E1-A9004193AB8F}.Debug|x64.Build.0 = Debug|Any CPU
		{3BC50E02-B20C-425B-B0E1-A9004193AB8F}.Debug|x64.Deploy.0 = Debug|Any CPU
		{3BC50E02-B20C-425B-B0E1-A9004193AB8F}.Debug|x86.ActiveCfg = Debug|Any CPU
		{3BC50E02-B20C-425B-B0E1-A9004193AB8F}.Debug|x86.Build.0 = Debug|Any CPU
		{3BC50E02-B20C-425B-B0E1-A9004193AB8F}.Debug|x86.Deploy.0 = Debug|Any CPU
		{3BC50E02-B20C-425B-B0E1-A9004193AB8F}.Release|Any CPU.ActiveCfg = Release|Any CPU
		{3BC50E02-B20C-425B-B0E1-A9004193AB8F}.Release|Any CPU.Build.0 = Release|Any CPU
		{3BC50E02-B20C-425B-B0E1-A9004193AB8F}.Release|Any CPU.Deploy.0 = Release|Any CPU
		{3BC50E02-B20C-425B-B0E1-A9004193AB8F}.Release|ARM.ActiveCfg = Release|Any CPU
		{3BC50E02-B20C-425B-B0E1-A9004193AB8F}.Release|ARM.Build.0 = Release|Any CPU
		{3BC50E02-B20C-425B-B0E1-A9004193AB8F}.Release|ARM.Deploy.0 = Release|Any CPU
		{3BC50E02-B20C-425B-B0E1-A9004193AB8F}.Release|iPhone.ActiveCfg = Release|Any CPU
		{3BC50E02-B20C-425B-B0E1-A9004193AB8F}.Release|iPhone.Build.0 = Release|Any CPU
		{3BC50E02-B20C-425B-B0E1-A9004193AB8F}.Release|iPhone.Deploy.0 = Release|Any CPU
		{3BC50E02-B20C-425B-B0E1-A9004193AB8F}.Release|iPhoneSimulator.ActiveCfg = Release|Any CPU
		{3BC50E02-B20C-425B-B0E1-A9004193AB8F}.Release|iPhoneSimulator.Build.0 = Release|Any CPU
		{3BC50E02-B20C-425B-B0E1-A9004193AB8F}.Release|iPhoneSimulator.Deploy.0 = Release|Any CPU
		{3BC50E02-B20C-425B-B0E1-A9004193AB8F}.Release|x64.ActiveCfg = Release|Any CPU
		{3BC50E02-B20C-425B-B0E1-A9004193AB8F}.Release|x64.Build.0 = Release|Any CPU
		{3BC50E02-B20C-425B-B0E1-A9004193AB8F}.Release|x64.Deploy.0 = Release|Any CPU
		{3BC50E02-B20C-425B-B0E1-A9004193AB8F}.Release|x86.ActiveCfg = Release|Any CPU
		{3BC50E02-B20C-425B-B0E1-A9004193AB8F}.Release|x86.Build.0 = Release|Any CPU
		{3BC50E02-B20C-425B-B0E1-A9004193AB8F}.Release|x86.Deploy.0 = Release|Any CPU
		{77A7124C-8B30-43FF-A4D2-864F866F18D1}.Ad-Hoc|Any CPU.ActiveCfg = Ad-Hoc|iPhone
		{77A7124C-8B30-43FF-A4D2-864F866F18D1}.Ad-Hoc|ARM.ActiveCfg = Ad-Hoc|iPhone
		{77A7124C-8B30-43FF-A4D2-864F866F18D1}.Ad-Hoc|iPhone.ActiveCfg = Ad-Hoc|iPhone
		{77A7124C-8B30-43FF-A4D2-864F866F18D1}.Ad-Hoc|iPhone.Build.0 = Ad-Hoc|iPhone
		{77A7124C-8B30-43FF-A4D2-864F866F18D1}.Ad-Hoc|iPhoneSimulator.ActiveCfg = Ad-Hoc|iPhoneSimulator
		{77A7124C-8B30-43FF-A4D2-864F866F18D1}.Ad-Hoc|iPhoneSimulator.Build.0 = Ad-Hoc|iPhoneSimulator
		{77A7124C-8B30-43FF-A4D2-864F866F18D1}.Ad-Hoc|x64.ActiveCfg = Ad-Hoc|iPhone
		{77A7124C-8B30-43FF-A4D2-864F866F18D1}.Ad-Hoc|x86.ActiveCfg = Ad-Hoc|iPhone
		{77A7124C-8B30-43FF-A4D2-864F866F18D1}.AppStore|Any CPU.ActiveCfg = AppStore|iPhone
		{77A7124C-8B30-43FF-A4D2-864F866F18D1}.AppStore|ARM.ActiveCfg = AppStore|iPhone
		{77A7124C-8B30-43FF-A4D2-864F866F18D1}.AppStore|iPhone.ActiveCfg = AppStore|iPhone
		{77A7124C-8B30-43FF-A4D2-864F866F18D1}.AppStore|iPhone.Build.0 = AppStore|iPhone
		{77A7124C-8B30-43FF-A4D2-864F866F18D1}.AppStore|iPhoneSimulator.ActiveCfg = AppStore|iPhoneSimulator
		{77A7124C-8B30-43FF-A4D2-864F866F18D1}.AppStore|iPhoneSimulator.Build.0 = AppStore|iPhoneSimulator
		{77A7124C-8B30-43FF-A4D2-864F866F18D1}.AppStore|x64.ActiveCfg = AppStore|iPhone
		{77A7124C-8B30-43FF-A4D2-864F866F18D1}.AppStore|x86.ActiveCfg = AppStore|iPhone
		{77A7124C-8B30-43FF-A4D2-864F866F18D1}.Debug|Any CPU.ActiveCfg = Debug|iPhone
		{77A7124C-8B30-43FF-A4D2-864F866F18D1}.Debug|ARM.ActiveCfg = Debug|iPhone
		{77A7124C-8B30-43FF-A4D2-864F866F18D1}.Debug|iPhone.ActiveCfg = Debug|iPhone
		{77A7124C-8B30-43FF-A4D2-864F866F18D1}.Debug|iPhone.Build.0 = Debug|iPhone
		{77A7124C-8B30-43FF-A4D2-864F866F18D1}.Debug|iPhoneSimulator.ActiveCfg = Debug|iPhoneSimulator
		{77A7124C-8B30-43FF-A4D2-864F866F18D1}.Debug|iPhoneSimulator.Build.0 = Debug|iPhoneSimulator
		{77A7124C-8B30-43FF-A4D2-864F866F18D1}.Debug|x64.ActiveCfg = Debug|iPhone
		{77A7124C-8B30-43FF-A4D2-864F866F18D1}.Debug|x86.ActiveCfg = Debug|iPhone
		{77A7124C-8B30-43FF-A4D2-864F866F18D1}.Release|Any CPU.ActiveCfg = Release|iPhone
		{77A7124C-8B30-43FF-A4D2-864F866F18D1}.Release|ARM.ActiveCfg = Release|iPhone
		{77A7124C-8B30-43FF-A4D2-864F866F18D1}.Release|iPhone.ActiveCfg = Release|iPhone
		{77A7124C-8B30-43FF-A4D2-864F866F18D1}.Release|iPhone.Build.0 = Release|iPhone
		{77A7124C-8B30-43FF-A4D2-864F866F18D1}.Release|iPhoneSimulator.ActiveCfg = Release|iPhoneSimulator
		{77A7124C-8B30-43FF-A4D2-864F866F18D1}.Release|iPhoneSimulator.Build.0 = Release|iPhoneSimulator
		{77A7124C-8B30-43FF-A4D2-864F866F18D1}.Release|x64.ActiveCfg = Release|iPhone
		{77A7124C-8B30-43FF-A4D2-864F866F18D1}.Release|x86.ActiveCfg = Release|iPhone
		{67F9D3A8-F71E-4428-913F-C37AE82CDB24}.Ad-Hoc|Any CPU.ActiveCfg = Release|Any CPU
		{67F9D3A8-F71E-4428-913F-C37AE82CDB24}.Ad-Hoc|Any CPU.Build.0 = Release|Any CPU
		{67F9D3A8-F71E-4428-913F-C37AE82CDB24}.Ad-Hoc|ARM.ActiveCfg = Release|Any CPU
		{67F9D3A8-F71E-4428-913F-C37AE82CDB24}.Ad-Hoc|ARM.Build.0 = Release|Any CPU
		{67F9D3A8-F71E-4428-913F-C37AE82CDB24}.Ad-Hoc|iPhone.ActiveCfg = Release|Any CPU
		{67F9D3A8-F71E-4428-913F-C37AE82CDB24}.Ad-Hoc|iPhone.Build.0 = Release|Any CPU
		{67F9D3A8-F71E-4428-913F-C37AE82CDB24}.Ad-Hoc|iPhoneSimulator.ActiveCfg = Release|Any CPU
		{67F9D3A8-F71E-4428-913F-C37AE82CDB24}.Ad-Hoc|iPhoneSimulator.Build.0 = Release|Any CPU
		{67F9D3A8-F71E-4428-913F-C37AE82CDB24}.Ad-Hoc|x64.ActiveCfg = Release|Any CPU
		{67F9D3A8-F71E-4428-913F-C37AE82CDB24}.Ad-Hoc|x64.Build.0 = Release|Any CPU
		{67F9D3A8-F71E-4428-913F-C37AE82CDB24}.Ad-Hoc|x86.ActiveCfg = Release|Any CPU
		{67F9D3A8-F71E-4428-913F-C37AE82CDB24}.Ad-Hoc|x86.Build.0 = Release|Any CPU
		{67F9D3A8-F71E-4428-913F-C37AE82CDB24}.AppStore|Any CPU.ActiveCfg = Release|Any CPU
		{67F9D3A8-F71E-4428-913F-C37AE82CDB24}.AppStore|Any CPU.Build.0 = Release|Any CPU
		{67F9D3A8-F71E-4428-913F-C37AE82CDB24}.AppStore|ARM.ActiveCfg = Release|Any CPU
		{67F9D3A8-F71E-4428-913F-C37AE82CDB24}.AppStore|ARM.Build.0 = Release|Any CPU
		{67F9D3A8-F71E-4428-913F-C37AE82CDB24}.AppStore|iPhone.ActiveCfg = Release|Any CPU
		{67F9D3A8-F71E-4428-913F-C37AE82CDB24}.AppStore|iPhone.Build.0 = Release|Any CPU
		{67F9D3A8-F71E-4428-913F-C37AE82CDB24}.AppStore|iPhoneSimulator.ActiveCfg = Release|Any CPU
		{67F9D3A8-F71E-4428-913F-C37AE82CDB24}.AppStore|iPhoneSimulator.Build.0 = Release|Any CPU
		{67F9D3A8-F71E-4428-913F-C37AE82CDB24}.AppStore|x64.ActiveCfg = Release|Any CPU
		{67F9D3A8-F71E-4428-913F-C37AE82CDB24}.AppStore|x64.Build.0 = Release|Any CPU
		{67F9D3A8-F71E-4428-913F-C37AE82CDB24}.AppStore|x86.ActiveCfg = Release|Any CPU
		{67F9D3A8-F71E-4428-913F-C37AE82CDB24}.AppStore|x86.Build.0 = Release|Any CPU
		{67F9D3A8-F71E-4428-913F-C37AE82CDB24}.Debug|Any CPU.ActiveCfg = Debug|Any CPU
		{67F9D3A8-F71E-4428-913F-C37AE82CDB24}.Debug|Any CPU.Build.0 = Debug|Any CPU
		{67F9D3A8-F71E-4428-913F-C37AE82CDB24}.Debug|ARM.ActiveCfg = Debug|Any CPU
		{67F9D3A8-F71E-4428-913F-C37AE82CDB24}.Debug|ARM.Build.0 = Debug|Any CPU
		{67F9D3A8-F71E-4428-913F-C37AE82CDB24}.Debug|iPhone.ActiveCfg = Debug|Any CPU
		{67F9D3A8-F71E-4428-913F-C37AE82CDB24}.Debug|iPhone.Build.0 = Debug|Any CPU
		{67F9D3A8-F71E-4428-913F-C37AE82CDB24}.Debug|iPhoneSimulator.ActiveCfg = Debug|Any CPU
		{67F9D3A8-F71E-4428-913F-C37AE82CDB24}.Debug|iPhoneSimulator.Build.0 = Debug|Any CPU
		{67F9D3A8-F71E-4428-913F-C37AE82CDB24}.Debug|x64.ActiveCfg = Debug|Any CPU
		{67F9D3A8-F71E-4428-913F-C37AE82CDB24}.Debug|x64.Build.0 = Debug|Any CPU
		{67F9D3A8-F71E-4428-913F-C37AE82CDB24}.Debug|x86.ActiveCfg = Debug|Any CPU
		{67F9D3A8-F71E-4428-913F-C37AE82CDB24}.Debug|x86.Build.0 = Debug|Any CPU
		{67F9D3A8-F71E-4428-913F-C37AE82CDB24}.Release|Any CPU.ActiveCfg = Release|Any CPU
		{67F9D3A8-F71E-4428-913F-C37AE82CDB24}.Release|Any CPU.Build.0 = Release|Any CPU
		{67F9D3A8-F71E-4428-913F-C37AE82CDB24}.Release|ARM.ActiveCfg = Release|Any CPU
		{67F9D3A8-F71E-4428-913F-C37AE82CDB24}.Release|ARM.Build.0 = Release|Any CPU
		{67F9D3A8-F71E-4428-913F-C37AE82CDB24}.Release|iPhone.ActiveCfg = Release|Any CPU
		{67F9D3A8-F71E-4428-913F-C37AE82CDB24}.Release|iPhone.Build.0 = Release|Any CPU
		{67F9D3A8-F71E-4428-913F-C37AE82CDB24}.Release|iPhoneSimulator.ActiveCfg = Release|Any CPU
		{67F9D3A8-F71E-4428-913F-C37AE82CDB24}.Release|iPhoneSimulator.Build.0 = Release|Any CPU
		{67F9D3A8-F71E-4428-913F-C37AE82CDB24}.Release|x64.ActiveCfg = Release|Any CPU
		{67F9D3A8-F71E-4428-913F-C37AE82CDB24}.Release|x64.Build.0 = Release|Any CPU
		{67F9D3A8-F71E-4428-913F-C37AE82CDB24}.Release|x86.ActiveCfg = Release|Any CPU
		{67F9D3A8-F71E-4428-913F-C37AE82CDB24}.Release|x86.Build.0 = Release|Any CPU
		{DDFECFB7-80C8-48B9-8DB7-5EC3663947F8}.Ad-Hoc|Any CPU.ActiveCfg = Release|Any CPU
		{DDFECFB7-80C8-48B9-8DB7-5EC3663947F8}.Ad-Hoc|Any CPU.Build.0 = Release|Any CPU
		{DDFECFB7-80C8-48B9-8DB7-5EC3663947F8}.Ad-Hoc|ARM.ActiveCfg = Release|Any CPU
		{DDFECFB7-80C8-48B9-8DB7-5EC3663947F8}.Ad-Hoc|ARM.Build.0 = Release|Any CPU
		{DDFECFB7-80C8-48B9-8DB7-5EC3663947F8}.Ad-Hoc|iPhone.ActiveCfg = Release|Any CPU
		{DDFECFB7-80C8-48B9-8DB7-5EC3663947F8}.Ad-Hoc|iPhone.Build.0 = Release|Any CPU
		{DDFECFB7-80C8-48B9-8DB7-5EC3663947F8}.Ad-Hoc|iPhoneSimulator.ActiveCfg = Release|Any CPU
		{DDFECFB7-80C8-48B9-8DB7-5EC3663947F8}.Ad-Hoc|iPhoneSimulator.Build.0 = Release|Any CPU
		{DDFECFB7-80C8-48B9-8DB7-5EC3663947F8}.Ad-Hoc|x64.ActiveCfg = Release|Any CPU
		{DDFECFB7-80C8-48B9-8DB7-5EC3663947F8}.Ad-Hoc|x64.Build.0 = Release|Any CPU
		{DDFECFB7-80C8-48B9-8DB7-5EC3663947F8}.Ad-Hoc|x86.ActiveCfg = Release|Any CPU
		{DDFECFB7-80C8-48B9-8DB7-5EC3663947F8}.Ad-Hoc|x86.Build.0 = Release|Any CPU
		{DDFECFB7-80C8-48B9-8DB7-5EC3663947F8}.AppStore|Any CPU.ActiveCfg = Release|Any CPU
		{DDFECFB7-80C8-48B9-8DB7-5EC3663947F8}.AppStore|Any CPU.Build.0 = Release|Any CPU
		{DDFECFB7-80C8-48B9-8DB7-5EC3663947F8}.AppStore|ARM.ActiveCfg = Release|Any CPU
		{DDFECFB7-80C8-48B9-8DB7-5EC3663947F8}.AppStore|ARM.Build.0 = Release|Any CPU
		{DDFECFB7-80C8-48B9-8DB7-5EC3663947F8}.AppStore|iPhone.ActiveCfg = Release|Any CPU
		{DDFECFB7-80C8-48B9-8DB7-5EC3663947F8}.AppStore|iPhone.Build.0 = Release|Any CPU
		{DDFECFB7-80C8-48B9-8DB7-5EC3663947F8}.AppStore|iPhoneSimulator.ActiveCfg = Release|Any CPU
		{DDFECFB7-80C8-48B9-8DB7-5EC3663947F8}.AppStore|iPhoneSimulator.Build.0 = Release|Any CPU
		{DDFECFB7-80C8-48B9-8DB7-5EC3663947F8}.AppStore|x64.ActiveCfg = Release|Any CPU
		{DDFECFB7-80C8-48B9-8DB7-5EC3663947F8}.AppStore|x64.Build.0 = Release|Any CPU
		{DDFECFB7-80C8-48B9-8DB7-5EC3663947F8}.AppStore|x86.ActiveCfg = Release|Any CPU
		{DDFECFB7-80C8-48B9-8DB7-5EC3663947F8}.AppStore|x86.Build.0 = Release|Any CPU
		{DDFECFB7-80C8-48B9-8DB7-5EC3663947F8}.Debug|Any CPU.ActiveCfg = Debug|Any CPU
		{DDFECFB7-80C8-48B9-8DB7-5EC3663947F8}.Debug|Any CPU.Build.0 = Debug|Any CPU
		{DDFECFB7-80C8-48B9-8DB7-5EC3663947F8}.Debug|ARM.ActiveCfg = Debug|Any CPU
		{DDFECFB7-80C8-48B9-8DB7-5EC3663947F8}.Debug|ARM.Build.0 = Debug|Any CPU
		{DDFECFB7-80C8-48B9-8DB7-5EC3663947F8}.Debug|iPhone.ActiveCfg = Debug|Any CPU
		{DDFECFB7-80C8-48B9-8DB7-5EC3663947F8}.Debug|iPhone.Build.0 = Debug|Any CPU
		{DDFECFB7-80C8-48B9-8DB7-5EC3663947F8}.Debug|iPhoneSimulator.ActiveCfg = Debug|Any CPU
		{DDFECFB7-80C8-48B9-8DB7-5EC3663947F8}.Debug|iPhoneSimulator.Build.0 = Debug|Any CPU
		{DDFECFB7-80C8-48B9-8DB7-5EC3663947F8}.Debug|x64.ActiveCfg = Debug|Any CPU
		{DDFECFB7-80C8-48B9-8DB7-5EC3663947F8}.Debug|x64.Build.0 = Debug|Any CPU
		{DDFECFB7-80C8-48B9-8DB7-5EC3663947F8}.Debug|x86.ActiveCfg = Debug|Any CPU
		{DDFECFB7-80C8-48B9-8DB7-5EC3663947F8}.Debug|x86.Build.0 = Debug|Any CPU
		{DDFECFB7-80C8-48B9-8DB7-5EC3663947F8}.Release|Any CPU.ActiveCfg = Release|Any CPU
		{DDFECFB7-80C8-48B9-8DB7-5EC3663947F8}.Release|Any CPU.Build.0 = Release|Any CPU
		{DDFECFB7-80C8-48B9-8DB7-5EC3663947F8}.Release|ARM.ActiveCfg = Release|Any CPU
		{DDFECFB7-80C8-48B9-8DB7-5EC3663947F8}.Release|ARM.Build.0 = Release|Any CPU
		{DDFECFB7-80C8-48B9-8DB7-5EC3663947F8}.Release|iPhone.ActiveCfg = Release|Any CPU
		{DDFECFB7-80C8-48B9-8DB7-5EC3663947F8}.Release|iPhone.Build.0 = Release|Any CPU
		{DDFECFB7-80C8-48B9-8DB7-5EC3663947F8}.Release|iPhoneSimulator.ActiveCfg = Release|Any CPU
		{DDFECFB7-80C8-48B9-8DB7-5EC3663947F8}.Release|iPhoneSimulator.Build.0 = Release|Any CPU
		{DDFECFB7-80C8-48B9-8DB7-5EC3663947F8}.Release|x64.ActiveCfg = Release|Any CPU
		{DDFECFB7-80C8-48B9-8DB7-5EC3663947F8}.Release|x64.Build.0 = Release|Any CPU
		{DDFECFB7-80C8-48B9-8DB7-5EC3663947F8}.Release|x86.ActiveCfg = Release|Any CPU
		{DDFECFB7-80C8-48B9-8DB7-5EC3663947F8}.Release|x86.Build.0 = Release|Any CPU
	EndGlobalSection
	GlobalSection(SolutionProperties) = preSolution
		HideSolutionNode = FALSE
	EndGlobalSection
	GlobalSection(NestedProjects) = preSolution
		{03FFA50B-B832-47B8-BDA9-2017FD60AEF2} = {9D7B44A6-B4DC-4ECA-A336-41A7BAADBF95}
		{3BC50E02-B20C-425B-B0E1-A9004193AB8F} = {9D7B44A6-B4DC-4ECA-A336-41A7BAADBF95}
		{77A7124C-8B30-43FF-A4D2-864F866F18D1} = {9D7B44A6-B4DC-4ECA-A336-41A7BAADBF95}
		{67F9D3A8-F71E-4428-913F-C37AE82CDB24} = {9D7B44A6-B4DC-4ECA-A336-41A7BAADBF95}
	EndGlobalSection
EndGlobal
